// !$*UTF8*$!
{
	archiveVersion = 1;
	classes = {
	};
	objectVersion = 46;
	objects = {

/* Begin PBXBuildFile section */
		4F655ACC1BDAA85000E6233A /* Launch Screen.storyboard in Resources */ = {isa = PBXBuildFile; fileRef = 4F655ACB1BDAA85000E6233A /* Launch Screen.storyboard */; };
		7F912D76191F632F00675027 /* AI.m in Sources */ = {isa = PBXBuildFile; fileRef = 7F912D75191F632F00675027 /* AI.m */; };
		7F972DEE1BDFC57300D2A77F /* Phosphate.ttc in Resources */ = {isa = PBXBuildFile; fileRef = 7F972DED1BDFC57300D2A77F /* Phosphate.ttc */; };
		8481FC441915273E00D9F0EB /* Foundation.framework in Frameworks */ = {isa = PBXBuildFile; fileRef = 8481FC431915273E00D9F0EB /* Foundation.framework */; };
		8481FC481915273E00D9F0EB /* UIKit.framework in Frameworks */ = {isa = PBXBuildFile; fileRef = 8481FC471915273E00D9F0EB /* UIKit.framework */; };
		8481FC541915273E00D9F0EB /* AppDelegate.m in Sources */ = {isa = PBXBuildFile; fileRef = 8481FC531915273E00D9F0EB /* AppDelegate.m */; };
		84D667711917882A000DA569 /* AVFoundation.framework in Frameworks */ = {isa = PBXBuildFile; fileRef = 84D667701917882A000DA569 /* AVFoundation.framework */; };
		84D6677319178838000DA569 /* AudioToolbox.framework in Frameworks */ = {isa = PBXBuildFile; fileRef = 84D6677219178838000DA569 /* AudioToolbox.framework */; };
		93003DCB1BDFD206009430B3 /* UIFont+AppFont.m in Sources */ = {isa = PBXBuildFile; fileRef = 93003DCA1BDFD206009430B3 /* UIFont+AppFont.m */; };
		93003DCF1BDFD2B6009430B3 /* UIColor+AppColor.m in Sources */ = {isa = PBXBuildFile; fileRef = 93003DCE1BDFD2B6009430B3 /* UIColor+AppColor.m */; };
		93061D3C1BDE84F200F148E0 /* Localizable.strings in Resources */ = {isa = PBXBuildFile; fileRef = 93061D2C1BDE84F200F148E0 /* Localizable.strings */; };
		93061D3D1BDE84F200F148E0 /* Images.xcassets in Resources */ = {isa = PBXBuildFile; fileRef = 93061D321BDE84F200F148E0 /* Images.xcassets */; };
		93061D3E1BDE84F200F148E0 /* music.mp3 in Resources */ = {isa = PBXBuildFile; fileRef = 93061D351BDE84F200F148E0 /* music.mp3 */; };
		93061D3F1BDE84F200F148E0 /* sound_click.mp3 in Resources */ = {isa = PBXBuildFile; fileRef = 93061D361BDE84F200F148E0 /* sound_click.mp3 */; };
		93061D401BDE84F200F148E0 /* sound_goes_o.mp3 in Resources */ = {isa = PBXBuildFile; fileRef = 93061D371BDE84F200F148E0 /* sound_goes_o.mp3 */; };
		93061D411BDE84F200F148E0 /* sound_goes_x.mp3 in Resources */ = {isa = PBXBuildFile; fileRef = 93061D381BDE84F200F148E0 /* sound_goes_x.mp3 */; };
		93061D421BDE84F200F148E0 /* sound_lose.mp3 in Resources */ = {isa = PBXBuildFile; fileRef = 93061D391BDE84F200F148E0 /* sound_lose.mp3 */; };
		93061D431BDE84F200F148E0 /* sound_win.mp3 in Resources */ = {isa = PBXBuildFile; fileRef = 93061D3A1BDE84F200F148E0 /* sound_win.mp3 */; };
		93061D471BDE855400F148E0 /* GameManager.m in Sources */ = {isa = PBXBuildFile; fileRef = 93061D461BDE855400F148E0 /* GameManager.m */; };
		93061D4B1BDE858800F148E0 /* SoundManager.m in Sources */ = {isa = PBXBuildFile; fileRef = 93061D4A1BDE858800F148E0 /* SoundManager.m */; };
		93061D621BDE862B00F148E0 /* iPhone.storyboard in Resources */ = {isa = PBXBuildFile; fileRef = 93061D611BDE862B00F148E0 /* iPhone.storyboard */; };
		93061D851BDE89C400F148E0 /* Info.plist in Resources */ = {isa = PBXBuildFile; fileRef = 93061D821BDE89C400F148E0 /* Info.plist */; };
		93061D861BDE89C400F148E0 /* main.m in Sources */ = {isa = PBXBuildFile; fileRef = 93061D831BDE89C400F148E0 /* main.m */; };
		93061D971BDE8AF400F148E0 /* AboutViewController.m in Sources */ = {isa = PBXBuildFile; fileRef = 93061D8A1BDE8AF400F148E0 /* AboutViewController.m */; };
		93061D981BDE8AF400F148E0 /* BaseViewController.m in Sources */ = {isa = PBXBuildFile; fileRef = 93061D8D1BDE8AF400F148E0 /* BaseViewController.m */; };
		93061D991BDE8AF400F148E0 /* GameViewController.m in Sources */ = {isa = PBXBuildFile; fileRef = 93061D901BDE8AF400F148E0 /* GameViewController.m */; };
		93061D9A1BDE8AF400F148E0 /* SettingsViewController.m in Sources */ = {isa = PBXBuildFile; fileRef = 93061D931BDE8AF400F148E0 /* SettingsViewController.m */; };
		93061D9B1BDE8AF400F148E0 /* StartViewController.m in Sources */ = {isa = PBXBuildFile; fileRef = 93061D961BDE8AF400F148E0 /* StartViewController.m */; };
		932A7A6E1BDEC278005A0E5F /* SoundButton.m in Sources */ = {isa = PBXBuildFile; fileRef = 932A7A6D1BDEC278005A0E5F /* SoundButton.m */; };
		932A7A9B1BDEC48E005A0E5F /* SwitchControlView.m in Sources */ = {isa = PBXBuildFile; fileRef = 932A7A991BDEC48E005A0E5F /* SwitchControlView.m */; };
		932A7A9C1BDEC48E005A0E5F /* SwitchControlView.xib in Resources */ = {isa = PBXBuildFile; fileRef = 932A7A9A1BDEC48E005A0E5F /* SwitchControlView.xib */; };
/* End PBXBuildFile section */

/* Begin PBXFileReference section */
		4F655ACB1BDAA85000E6233A /* Launch Screen.storyboard */ = {isa = PBXFileReference; fileEncoding = 4; lastKnownFileType = file.storyboard; path = "Launch Screen.storyboard"; sourceTree = "<group>"; };
		7F912D74191F632F00675027 /* AI.h */ = {isa = PBXFileReference; fileEncoding = 4; lastKnownFileType = sourcecode.c.h; name = AI.h; path = AI/AI.h; sourceTree = "<group>"; };
		7F912D75191F632F00675027 /* AI.m */ = {isa = PBXFileReference; fileEncoding = 4; lastKnownFileType = sourcecode.c.objc; name = AI.m; path = AI/AI.m; sourceTree = "<group>"; };
		7F972DED1BDFC57300D2A77F /* Phosphate.ttc */ = {isa = PBXFileReference; lastKnownFileType = file; path = Phosphate.ttc; sourceTree = "<group>"; };
		8481FC401915273E00D9F0EB /* XO.app */ = {isa = PBXFileReference; explicitFileType = wrapper.application; includeInIndex = 0; path = XO.app; sourceTree = BUILT_PRODUCTS_DIR; };
		8481FC431915273E00D9F0EB /* Foundation.framework */ = {isa = PBXFileReference; lastKnownFileType = wrapper.framework; name = Foundation.framework; path = System/Library/Frameworks/Foundation.framework; sourceTree = SDKROOT; };
		8481FC471915273E00D9F0EB /* UIKit.framework */ = {isa = PBXFileReference; lastKnownFileType = wrapper.framework; name = UIKit.framework; path = System/Library/Frameworks/UIKit.framework; sourceTree = SDKROOT; };
		8481FC521915273E00D9F0EB /* AppDelegate.h */ = {isa = PBXFileReference; lastKnownFileType = sourcecode.c.h; path = AppDelegate.h; sourceTree = "<group>"; };
		8481FC531915273E00D9F0EB /* AppDelegate.m */ = {isa = PBXFileReference; lastKnownFileType = sourcecode.c.objc; path = AppDelegate.m; sourceTree = "<group>"; };
		84D667701917882A000DA569 /* AVFoundation.framework */ = {isa = PBXFileReference; lastKnownFileType = wrapper.framework; name = AVFoundation.framework; path = System/Library/Frameworks/AVFoundation.framework; sourceTree = SDKROOT; };
		84D6677219178838000DA569 /* AudioToolbox.framework */ = {isa = PBXFileReference; lastKnownFileType = wrapper.framework; name = AudioToolbox.framework; path = System/Library/Frameworks/AudioToolbox.framework; sourceTree = SDKROOT; };
		93003DC91BDFD206009430B3 /* UIFont+AppFont.h */ = {isa = PBXFileReference; fileEncoding = 4; lastKnownFileType = sourcecode.c.h; path = "UIFont+AppFont.h"; sourceTree = "<group>"; };
		93003DCA1BDFD206009430B3 /* UIFont+AppFont.m */ = {isa = PBXFileReference; fileEncoding = 4; lastKnownFileType = sourcecode.c.objc; path = "UIFont+AppFont.m"; sourceTree = "<group>"; };
		93003DCD1BDFD2B6009430B3 /* UIColor+AppColor.h */ = {isa = PBXFileReference; fileEncoding = 4; lastKnownFileType = sourcecode.c.h; path = "UIColor+AppColor.h"; sourceTree = "<group>"; };
		93003DCE1BDFD2B6009430B3 /* UIColor+AppColor.m */ = {isa = PBXFileReference; fileEncoding = 4; lastKnownFileType = sourcecode.c.objc; path = "UIColor+AppColor.m"; sourceTree = "<group>"; };
		93061D2D1BDE84F200F148E0 /* Base */ = {isa = PBXFileReference; lastKnownFileType = text.plist.strings; name = Base; path = Base.lproj/Localizable.strings; sourceTree = "<group>"; };
		93061D2E1BDE84F200F148E0 /* de */ = {isa = PBXFileReference; lastKnownFileType = text.plist.strings; name = de; path = de.lproj/Localizable.strings; sourceTree = "<group>"; };
		93061D2F1BDE84F200F148E0 /* en */ = {isa = PBXFileReference; lastKnownFileType = text.plist.strings; name = en; path = en.lproj/Localizable.strings; sourceTree = "<group>"; };
		93061D301BDE84F200F148E0 /* es */ = {isa = PBXFileReference; lastKnownFileType = text.plist.strings; name = es; path = es.lproj/Localizable.strings; sourceTree = "<group>"; };
		93061D311BDE84F200F148E0 /* fr */ = {isa = PBXFileReference; lastKnownFileType = text.plist.strings; name = fr; path = fr.lproj/Localizable.strings; sourceTree = "<group>"; };
		93061D321BDE84F200F148E0 /* Images.xcassets */ = {isa = PBXFileReference; lastKnownFileType = folder.assetcatalog; path = Images.xcassets; sourceTree = "<group>"; };
		93061D331BDE84F200F148E0 /* ru */ = {isa = PBXFileReference; lastKnownFileType = text.plist.strings; name = ru; path = ru.lproj/Localizable.strings; sourceTree = "<group>"; };
		93061D351BDE84F200F148E0 /* music.mp3 */ = {isa = PBXFileReference; lastKnownFileType = audio.mp3; path = music.mp3; sourceTree = "<group>"; };
		93061D361BDE84F200F148E0 /* sound_click.mp3 */ = {isa = PBXFileReference; lastKnownFileType = audio.mp3; path = sound_click.mp3; sourceTree = "<group>"; };
		93061D371BDE84F200F148E0 /* sound_goes_o.mp3 */ = {isa = PBXFileReference; lastKnownFileType = audio.mp3; path = sound_goes_o.mp3; sourceTree = "<group>"; };
		93061D381BDE84F200F148E0 /* sound_goes_x.mp3 */ = {isa = PBXFileReference; lastKnownFileType = audio.mp3; path = sound_goes_x.mp3; sourceTree = "<group>"; };
		93061D391BDE84F200F148E0 /* sound_lose.mp3 */ = {isa = PBXFileReference; lastKnownFileType = audio.mp3; path = sound_lose.mp3; sourceTree = "<group>"; };
		93061D3A1BDE84F200F148E0 /* sound_win.mp3 */ = {isa = PBXFileReference; lastKnownFileType = audio.mp3; path = sound_win.mp3; sourceTree = "<group>"; };
		93061D3B1BDE84F200F148E0 /* uk */ = {isa = PBXFileReference; lastKnownFileType = text.plist.strings; name = uk; path = uk.lproj/Localizable.strings; sourceTree = "<group>"; };
		93061D451BDE855400F148E0 /* GameManager.h */ = {isa = PBXFileReference; fileEncoding = 4; lastKnownFileType = sourcecode.c.h; path = GameManager.h; sourceTree = "<group>"; };
		93061D461BDE855400F148E0 /* GameManager.m */ = {isa = PBXFileReference; fileEncoding = 4; lastKnownFileType = sourcecode.c.objc; path = GameManager.m; sourceTree = "<group>"; };
		93061D491BDE858800F148E0 /* SoundManager.h */ = {isa = PBXFileReference; fileEncoding = 4; lastKnownFileType = sourcecode.c.h; path = SoundManager.h; sourceTree = "<group>"; };
		93061D4A1BDE858800F148E0 /* SoundManager.m */ = {isa = PBXFileReference; fileEncoding = 4; lastKnownFileType = sourcecode.c.objc; path = SoundManager.m; sourceTree = "<group>"; };
		93061D611BDE862B00F148E0 /* iPhone.storyboard */ = {isa = PBXFileReference; fileEncoding = 4; lastKnownFileType = file.storyboard; path = iPhone.storyboard; sourceTree = "<group>"; };
		93061D811BDE89C400F148E0 /* Constants.h */ = {isa = PBXFileReference; fileEncoding = 4; lastKnownFileType = sourcecode.c.h; path = Constants.h; sourceTree = "<group>"; };
		93061D821BDE89C400F148E0 /* Info.plist */ = {isa = PBXFileReference; fileEncoding = 4; lastKnownFileType = text.plist.xml; path = Info.plist; sourceTree = "<group>"; };
		93061D831BDE89C400F148E0 /* main.m */ = {isa = PBXFileReference; fileEncoding = 4; lastKnownFileType = sourcecode.c.objc; path = main.m; sourceTree = "<group>"; };
		93061D841BDE89C400F148E0 /* Prefix.pch */ = {isa = PBXFileReference; fileEncoding = 4; lastKnownFileType = sourcecode.c.h; path = Prefix.pch; sourceTree = "<group>"; };
		93061D891BDE8AF400F148E0 /* AboutViewController.h */ = {isa = PBXFileReference; fileEncoding = 4; lastKnownFileType = sourcecode.c.h; path = AboutViewController.h; sourceTree = "<group>"; };
		93061D8A1BDE8AF400F148E0 /* AboutViewController.m */ = {isa = PBXFileReference; fileEncoding = 4; lastKnownFileType = sourcecode.c.objc; path = AboutViewController.m; sourceTree = "<group>"; };
		93061D8C1BDE8AF400F148E0 /* BaseViewController.h */ = {isa = PBXFileReference; fileEncoding = 4; lastKnownFileType = sourcecode.c.h; path = BaseViewController.h; sourceTree = "<group>"; };
		93061D8D1BDE8AF400F148E0 /* BaseViewController.m */ = {isa = PBXFileReference; fileEncoding = 4; lastKnownFileType = sourcecode.c.objc; path = BaseViewController.m; sourceTree = "<group>"; };
		93061D8F1BDE8AF400F148E0 /* GameViewController.h */ = {isa = PBXFileReference; fileEncoding = 4; lastKnownFileType = sourcecode.c.h; path = GameViewController.h; sourceTree = "<group>"; };
		93061D901BDE8AF400F148E0 /* GameViewController.m */ = {isa = PBXFileReference; fileEncoding = 4; lastKnownFileType = sourcecode.c.objc; path = GameViewController.m; sourceTree = "<group>"; };
		93061D921BDE8AF400F148E0 /* SettingsViewController.h */ = {isa = PBXFileReference; fileEncoding = 4; lastKnownFileType = sourcecode.c.h; path = SettingsViewController.h; sourceTree = "<group>"; };
		93061D931BDE8AF400F148E0 /* SettingsViewController.m */ = {isa = PBXFileReference; fileEncoding = 4; lastKnownFileType = sourcecode.c.objc; path = SettingsViewController.m; sourceTree = "<group>"; };
		93061D951BDE8AF400F148E0 /* StartViewController.h */ = {isa = PBXFileReference; fileEncoding = 4; lastKnownFileType = sourcecode.c.h; path = StartViewController.h; sourceTree = "<group>"; };
		93061D961BDE8AF400F148E0 /* StartViewController.m */ = {isa = PBXFileReference; fileEncoding = 4; lastKnownFileType = sourcecode.c.objc; path = StartViewController.m; sourceTree = "<group>"; };
		932A7A6C1BDEC278005A0E5F /* SoundButton.h */ = {isa = PBXFileReference; fileEncoding = 4; lastKnownFileType = sourcecode.c.h; path = SoundButton.h; sourceTree = "<group>"; };
		932A7A6D1BDEC278005A0E5F /* SoundButton.m */ = {isa = PBXFileReference; fileEncoding = 4; lastKnownFileType = sourcecode.c.objc; path = SoundButton.m; sourceTree = "<group>"; };
		932A7A981BDEC48E005A0E5F /* SwitchControlView.h */ = {isa = PBXFileReference; fileEncoding = 4; lastKnownFileType = sourcecode.c.h; path = SwitchControlView.h; sourceTree = "<group>"; };
		932A7A991BDEC48E005A0E5F /* SwitchControlView.m */ = {isa = PBXFileReference; fileEncoding = 4; lastKnownFileType = sourcecode.c.objc; path = SwitchControlView.m; sourceTree = "<group>"; };
		932A7A9A1BDEC48E005A0E5F /* SwitchControlView.xib */ = {isa = PBXFileReference; fileEncoding = 4; lastKnownFileType = file.xib; path = SwitchControlView.xib; sourceTree = "<group>"; };
/* End PBXFileReference section */

/* Begin PBXFrameworksBuildPhase section */
		8481FC3D1915273E00D9F0EB /* Frameworks */ = {
			isa = PBXFrameworksBuildPhase;
			buildActionMask = 2147483647;
			files = (
				84D6677319178838000DA569 /* AudioToolbox.framework in Frameworks */,
				84D667711917882A000DA569 /* AVFoundation.framework in Frameworks */,
				8481FC481915273E00D9F0EB /* UIKit.framework in Frameworks */,
				8481FC441915273E00D9F0EB /* Foundation.framework in Frameworks */,
			);
			runOnlyForDeploymentPostprocessing = 0;
		};
/* End PBXFrameworksBuildPhase section */

/* Begin PBXGroup section */
		7F912D77191F633700675027 /* AI */ = {
			isa = PBXGroup;
			children = (
				7F912D74191F632F00675027 /* AI.h */,
				7F912D75191F632F00675027 /* AI.m */,
			);
			name = AI;
			sourceTree = "<group>";
		};
		84742D7919197C54007B868E /* Other Classes */ = {
			isa = PBXGroup;
			children = (
				93003DC71BDFD1DC009430B3 /* Categories */,
				932A7A6B1BDEC265005A0E5F /* SoundButton */,
				7F912D77191F633700675027 /* AI */,
			);
			path = "Other Classes";
			sourceTree = "<group>";
		};
		8481FC371915273E00D9F0EB = {
			isa = PBXGroup;
			children = (
				8481FC491915273E00D9F0EB /* XO */,
				8481FC421915273E00D9F0EB /* Frameworks */,
				8481FC411915273E00D9F0EB /* Products */,
			);
			sourceTree = "<group>";
		};
		8481FC411915273E00D9F0EB /* Products */ = {
			isa = PBXGroup;
			children = (
				8481FC401915273E00D9F0EB /* XO.app */,
			);
			name = Products;
			sourceTree = "<group>";
		};
		8481FC421915273E00D9F0EB /* Frameworks */ = {
			isa = PBXGroup;
			children = (
				84D6677219178838000DA569 /* AudioToolbox.framework */,
				84D667701917882A000DA569 /* AVFoundation.framework */,
				8481FC431915273E00D9F0EB /* Foundation.framework */,
				8481FC471915273E00D9F0EB /* UIKit.framework */,
			);
			name = Frameworks;
			sourceTree = "<group>";
		};
		8481FC491915273E00D9F0EB /* XO */ = {
			isa = PBXGroup;
			children = (
				932A7A961BDEC476005A0E5F /* Views */,
				93061D871BDE8AF400F148E0 /* ViewControllers */,
				93061D2B1BDE84F200F148E0 /* Resources */,
				8481FC7D19152A2D00D9F0EB /* Managers */,
				84742D7919197C54007B868E /* Other Classes */,
				8481FC521915273E00D9F0EB /* AppDelegate.h */,
				8481FC531915273E00D9F0EB /* AppDelegate.m */,
				93061D611BDE862B00F148E0 /* iPhone.storyboard */,
				4F655ACB1BDAA85000E6233A /* Launch Screen.storyboard */,
				93061D631BDE865F00F148E0 /* SupportingFiles */,
			);
			path = XO;
			sourceTree = "<group>";
		};
		8481FC7D19152A2D00D9F0EB /* Managers */ = {
			isa = PBXGroup;
			children = (
				93061D441BDE855400F148E0 /* GameManager */,
				93061D481BDE858800F148E0 /* SoundManager */,
			);
			name = Managers;
			path = Manager;
			sourceTree = "<group>";
		};
		93003DC71BDFD1DC009430B3 /* Categories */ = {
			isa = PBXGroup;
			children = (
				93003DCC1BDFD2A7009430B3 /* UIColor+AppColor */,
				93003DC81BDFD1F0009430B3 /* UIFont+AppFonts */,
			);
			path = Categories;
			sourceTree = "<group>";
		};
		93003DC81BDFD1F0009430B3 /* UIFont+AppFonts */ = {
			isa = PBXGroup;
			children = (
				93003DC91BDFD206009430B3 /* UIFont+AppFont.h */,
				93003DCA1BDFD206009430B3 /* UIFont+AppFont.m */,
			);
			path = "UIFont+AppFonts";
			sourceTree = "<group>";
		};
		93003DCC1BDFD2A7009430B3 /* UIColor+AppColor */ = {
			isa = PBXGroup;
			children = (
				93003DCD1BDFD2B6009430B3 /* UIColor+AppColor.h */,
				93003DCE1BDFD2B6009430B3 /* UIColor+AppColor.m */,
			);
			path = "UIColor+AppColor";
			sourceTree = "<group>";
		};
		93061D2B1BDE84F200F148E0 /* Resources */ = {
			isa = PBXGroup;
			children = (
				7F972DED1BDFC57300D2A77F /* Phosphate.ttc */,
				93061D341BDE84F200F148E0 /* Sounds */,
				93061D2C1BDE84F200F148E0 /* Localizable.strings */,
				93061D321BDE84F200F148E0 /* Images.xcassets */,
			);
			path = Resources;
			sourceTree = "<group>";
		};
		93061D341BDE84F200F148E0 /* Sounds */ = {
			isa = PBXGroup;
			children = (
				93061D351BDE84F200F148E0 /* music.mp3 */,
				93061D361BDE84F200F148E0 /* sound_click.mp3 */,
				93061D371BDE84F200F148E0 /* sound_goes_o.mp3 */,
				93061D381BDE84F200F148E0 /* sound_goes_x.mp3 */,
				93061D391BDE84F200F148E0 /* sound_lose.mp3 */,
				93061D3A1BDE84F200F148E0 /* sound_win.mp3 */,
			);
			path = Sounds;
			sourceTree = "<group>";
		};
		93061D441BDE855400F148E0 /* GameManager */ = {
			isa = PBXGroup;
			children = (
				93061D451BDE855400F148E0 /* GameManager.h */,
				93061D461BDE855400F148E0 /* GameManager.m */,
			);
			path = GameManager;
			sourceTree = "<group>";
		};
		93061D481BDE858800F148E0 /* SoundManager */ = {
			isa = PBXGroup;
			children = (
				93061D491BDE858800F148E0 /* SoundManager.h */,
				93061D4A1BDE858800F148E0 /* SoundManager.m */,
			);
			path = SoundManager;
			sourceTree = "<group>";
		};
		93061D631BDE865F00F148E0 /* SupportingFiles */ = {
			isa = PBXGroup;
			children = (
				93061D811BDE89C400F148E0 /* Constants.h */,
				93061D821BDE89C400F148E0 /* Info.plist */,
				93061D831BDE89C400F148E0 /* main.m */,
				93061D841BDE89C400F148E0 /* Prefix.pch */,
			);
			path = SupportingFiles;
			sourceTree = "<group>";
		};
		93061D871BDE8AF400F148E0 /* ViewControllers */ = {
			isa = PBXGroup;
			children = (
				93061D881BDE8AF400F148E0 /* AboutViewController */,
				93061D8B1BDE8AF400F148E0 /* BaseViewController */,
				93061D8E1BDE8AF400F148E0 /* GameViewController */,
				93061D911BDE8AF400F148E0 /* SettingsViewController */,
				93061D941BDE8AF400F148E0 /* StartViewController */,
			);
			path = ViewControllers;
			sourceTree = "<group>";
		};
		93061D881BDE8AF400F148E0 /* AboutViewController */ = {
			isa = PBXGroup;
			children = (
				93061D891BDE8AF400F148E0 /* AboutViewController.h */,
				93061D8A1BDE8AF400F148E0 /* AboutViewController.m */,
			);
			path = AboutViewController;
			sourceTree = "<group>";
		};
		93061D8B1BDE8AF400F148E0 /* BaseViewController */ = {
			isa = PBXGroup;
			children = (
				93061D8C1BDE8AF400F148E0 /* BaseViewController.h */,
				93061D8D1BDE8AF400F148E0 /* BaseViewController.m */,
			);
			path = BaseViewController;
			sourceTree = "<group>";
		};
		93061D8E1BDE8AF400F148E0 /* GameViewController */ = {
			isa = PBXGroup;
			children = (
				93061D8F1BDE8AF400F148E0 /* GameViewController.h */,
				93061D901BDE8AF400F148E0 /* GameViewController.m */,
			);
			path = GameViewController;
			sourceTree = "<group>";
		};
		93061D911BDE8AF400F148E0 /* SettingsViewController */ = {
			isa = PBXGroup;
			children = (
				93061D921BDE8AF400F148E0 /* SettingsViewController.h */,
				93061D931BDE8AF400F148E0 /* SettingsViewController.m */,
			);
			path = SettingsViewController;
			sourceTree = "<group>";
		};
		93061D941BDE8AF400F148E0 /* StartViewController */ = {
			isa = PBXGroup;
			children = (
				93061D951BDE8AF400F148E0 /* StartViewController.h */,
				93061D961BDE8AF400F148E0 /* StartViewController.m */,
			);
			path = StartViewController;
			sourceTree = "<group>";
		};
		932A7A6B1BDEC265005A0E5F /* SoundButton */ = {
			isa = PBXGroup;
			children = (
				932A7A6C1BDEC278005A0E5F /* SoundButton.h */,
				932A7A6D1BDEC278005A0E5F /* SoundButton.m */,
			);
			path = SoundButton;
			sourceTree = "<group>";
		};
		932A7A961BDEC476005A0E5F /* Views */ = {
			isa = PBXGroup;
			children = (
				932A7A971BDEC481005A0E5F /* SwitchControlView */,
			);
			path = Views;
			sourceTree = "<group>";
		};
		932A7A971BDEC481005A0E5F /* SwitchControlView */ = {
			isa = PBXGroup;
			children = (
				932A7A981BDEC48E005A0E5F /* SwitchControlView.h */,
				932A7A991BDEC48E005A0E5F /* SwitchControlView.m */,
				932A7A9A1BDEC48E005A0E5F /* SwitchControlView.xib */,
			);
			path = SwitchControlView;
			sourceTree = "<group>";
		};
/* End PBXGroup section */

/* Begin PBXNativeTarget section */
		8481FC3F1915273E00D9F0EB /* XO */ = {
			isa = PBXNativeTarget;
			buildConfigurationList = 8481FC751915273E00D9F0EB /* Build configuration list for PBXNativeTarget "XO" */;
			buildPhases = (
				8481FC3C1915273E00D9F0EB /* Sources */,
				8481FC3D1915273E00D9F0EB /* Frameworks */,
				8481FC3E1915273E00D9F0EB /* Resources */,
			);
			buildRules = (
			);
			dependencies = (
			);
			name = XO;
			productName = XO;
			productReference = 8481FC401915273E00D9F0EB /* XO.app */;
			productType = "com.apple.product-type.application";
		};
/* End PBXNativeTarget section */

/* Begin PBXProject section */
		8481FC381915273E00D9F0EB /* Project object */ = {
			isa = PBXProject;
			attributes = {
				CLASSPREFIX = "";
				LastUpgradeCheck = 0710;
				ORGANIZATIONNAME = Thinkmobiles;
			};
			buildConfigurationList = 8481FC3B1915273E00D9F0EB /* Build configuration list for PBXProject "XO" */;
			compatibilityVersion = "Xcode 3.2";
			developmentRegion = English;
			hasScannedForEncodings = 0;
			knownRegions = (
				en,
				Base,
				uk,
				ru,
				fr,
				de,
				es,
				en_AU,
				en_GB,
				es_MX,
				iw,
				pt_PT,
				zh_CN,
				zh_TW,
			);
			mainGroup = 8481FC371915273E00D9F0EB;
			productRefGroup = 8481FC411915273E00D9F0EB /* Products */;
			projectDirPath = "";
			projectRoot = "";
			targets = (
				8481FC3F1915273E00D9F0EB /* XO */,
			);
		};
/* End PBXProject section */

/* Begin PBXResourcesBuildPhase section */
		8481FC3E1915273E00D9F0EB /* Resources */ = {
			isa = PBXResourcesBuildPhase;
			buildActionMask = 2147483647;
			files = (
				93061D411BDE84F200F148E0 /* sound_goes_x.mp3 in Resources */,
				93061D621BDE862B00F148E0 /* iPhone.storyboard in Resources */,
				93061D3E1BDE84F200F148E0 /* music.mp3 in Resources */,
				7F972DEE1BDFC57300D2A77F /* Phosphate.ttc in Resources */,
				93061D3C1BDE84F200F148E0 /* Localizable.strings in Resources */,
				93061D3F1BDE84F200F148E0 /* sound_click.mp3 in Resources */,
				4F655ACC1BDAA85000E6233A /* Launch Screen.storyboard in Resources */,
				93061D401BDE84F200F148E0 /* sound_goes_o.mp3 in Resources */,
				93061D851BDE89C400F148E0 /* Info.plist in Resources */,
				932A7A9C1BDEC48E005A0E5F /* SwitchControlView.xib in Resources */,
				93061D431BDE84F200F148E0 /* sound_win.mp3 in Resources */,
				93061D3D1BDE84F200F148E0 /* Images.xcassets in Resources */,
				93061D421BDE84F200F148E0 /* sound_lose.mp3 in Resources */,
			);
			runOnlyForDeploymentPostprocessing = 0;
		};
/* End PBXResourcesBuildPhase section */

/* Begin PBXSourcesBuildPhase section */
		8481FC3C1915273E00D9F0EB /* Sources */ = {
			isa = PBXSourcesBuildPhase;
			buildActionMask = 2147483647;
			files = (
				93003DCB1BDFD206009430B3 /* UIFont+AppFont.m in Sources */,
				932A7A9B1BDEC48E005A0E5F /* SwitchControlView.m in Sources */,
				93061D971BDE8AF400F148E0 /* AboutViewController.m in Sources */,
				93061D991BDE8AF400F148E0 /* GameViewController.m in Sources */,
				93061D9A1BDE8AF400F148E0 /* SettingsViewController.m in Sources */,
				93003DCF1BDFD2B6009430B3 /* UIColor+AppColor.m in Sources */,
				93061D4B1BDE858800F148E0 /* SoundManager.m in Sources */,
				7F912D76191F632F00675027 /* AI.m in Sources */,
				8481FC541915273E00D9F0EB /* AppDelegate.m in Sources */,
				93061D861BDE89C400F148E0 /* main.m in Sources */,
				93061D9B1BDE8AF400F148E0 /* StartViewController.m in Sources */,
				932A7A6E1BDEC278005A0E5F /* SoundButton.m in Sources */,
				93061D981BDE8AF400F148E0 /* BaseViewController.m in Sources */,
				93061D471BDE855400F148E0 /* GameManager.m in Sources */,
			);
			runOnlyForDeploymentPostprocessing = 0;
		};
/* End PBXSourcesBuildPhase section */

/* Begin PBXVariantGroup section */
		93061D2C1BDE84F200F148E0 /* Localizable.strings */ = {
			isa = PBXVariantGroup;
			children = (
				93061D2D1BDE84F200F148E0 /* Base */,
				93061D2E1BDE84F200F148E0 /* de */,
				93061D2F1BDE84F200F148E0 /* en */,
				93061D301BDE84F200F148E0 /* es */,
				93061D311BDE84F200F148E0 /* fr */,
				93061D331BDE84F200F148E0 /* ru */,
				93061D3B1BDE84F200F148E0 /* uk */,
			);
			name = Localizable.strings;
			sourceTree = "<group>";
		};
/* End PBXVariantGroup section */

/* Begin XCBuildConfiguration section */
		8481FC731915273E00D9F0EB /* Debug */ = {
			isa = XCBuildConfiguration;
			buildSettings = {
				ALWAYS_SEARCH_USER_PATHS = NO;
				CLANG_CXX_LANGUAGE_STANDARD = "gnu++0x";
				CLANG_CXX_LIBRARY = "libc++";
				CLANG_ENABLE_MODULES = YES;
				CLANG_ENABLE_OBJC_ARC = YES;
				CLANG_WARN_BOOL_CONVERSION = YES;
				CLANG_WARN_CONSTANT_CONVERSION = YES;
				CLANG_WARN_DIRECT_OBJC_ISA_USAGE = YES_ERROR;
				CLANG_WARN_EMPTY_BODY = YES;
				CLANG_WARN_ENUM_CONVERSION = YES;
				CLANG_WARN_INT_CONVERSION = YES;
				CLANG_WARN_OBJC_ROOT_CLASS = YES_ERROR;
				CLANG_WARN__DUPLICATE_METHOD_MATCH = YES;
				CODE_SIGN_IDENTITY = "iPhone Developer: Alexander Sokhanych (U5HL738569)";
				"CODE_SIGN_IDENTITY[sdk=iphoneos*]" = "iPhone Developer";
				COPY_PHASE_STRIP = NO;
				ENABLE_TESTABILITY = YES;
				GCC_C_LANGUAGE_STANDARD = gnu99;
				GCC_DYNAMIC_NO_PIC = NO;
				GCC_OPTIMIZATION_LEVEL = 0;
				GCC_PREPROCESSOR_DEFINITIONS = (
					"DEBUG=1",
					"$(inherited)",
				);
				GCC_SYMBOLS_PRIVATE_EXTERN = NO;
				GCC_WARN_64_TO_32_BIT_CONVERSION = YES;
				GCC_WARN_ABOUT_RETURN_TYPE = YES_ERROR;
				GCC_WARN_UNDECLARED_SELECTOR = YES;
				GCC_WARN_UNINITIALIZED_AUTOS = YES_AGGRESSIVE;
				GCC_WARN_UNUSED_FUNCTION = YES;
				GCC_WARN_UNUSED_VARIABLE = YES;
				IPHONEOS_DEPLOYMENT_TARGET = 8.0;
				ONLY_ACTIVE_ARCH = YES;
				PROVISIONING_PROFILE = "A7F76EDC-202B-41F1-8930-9B28C7AD46DA";
				SDKROOT = iphoneos;
				TARGETED_DEVICE_FAMILY = "1,2";
				VALID_ARCHS = "armv7 armv7s";
			};
			name = Debug;
		};
		8481FC741915273E00D9F0EB /* Release */ = {
			isa = XCBuildConfiguration;
			buildSettings = {
				ALWAYS_SEARCH_USER_PATHS = NO;
				CLANG_CXX_LANGUAGE_STANDARD = "gnu++0x";
				CLANG_CXX_LIBRARY = "libc++";
				CLANG_ENABLE_MODULES = YES;
				CLANG_ENABLE_OBJC_ARC = YES;
				CLANG_WARN_BOOL_CONVERSION = YES;
				CLANG_WARN_CONSTANT_CONVERSION = YES;
				CLANG_WARN_DIRECT_OBJC_ISA_USAGE = YES_ERROR;
				CLANG_WARN_EMPTY_BODY = YES;
				CLANG_WARN_ENUM_CONVERSION = YES;
				CLANG_WARN_INT_CONVERSION = YES;
				CLANG_WARN_OBJC_ROOT_CLASS = YES_ERROR;
				CLANG_WARN__DUPLICATE_METHOD_MATCH = YES;
				CODE_SIGN_IDENTITY = "iPhone Developer: Alexander Sokhanych (U5HL738569)";
				"CODE_SIGN_IDENTITY[sdk=iphoneos*]" = "iPhone Developer";
				COPY_PHASE_STRIP = YES;
				ENABLE_NS_ASSERTIONS = NO;
				GCC_C_LANGUAGE_STANDARD = gnu99;
				GCC_WARN_64_TO_32_BIT_CONVERSION = YES;
				GCC_WARN_ABOUT_RETURN_TYPE = YES_ERROR;
				GCC_WARN_UNDECLARED_SELECTOR = YES;
				GCC_WARN_UNINITIALIZED_AUTOS = YES_AGGRESSIVE;
				GCC_WARN_UNUSED_FUNCTION = YES;
				GCC_WARN_UNUSED_VARIABLE = YES;
				IPHONEOS_DEPLOYMENT_TARGET = 8.0;
				PROVISIONING_PROFILE = "A7F76EDC-202B-41F1-8930-9B28C7AD46DA";
				SDKROOT = iphoneos;
				TARGETED_DEVICE_FAMILY = "1,2";
				VALIDATE_PRODUCT = YES;
				VALID_ARCHS = "armv7 armv7s";
			};
			name = Release;
		};
		8481FC761915273E00D9F0EB /* Debug */ = {
			isa = XCBuildConfiguration;
			buildSettings = {
				ASSETCATALOG_COMPILER_APPICON_NAME = AppIconXO;
				CODE_SIGN_IDENTITY = "iPhone Developer";
				ENABLE_BITCODE = NO;
				FRAMEWORK_SEARCH_PATHS = "$(inherited)";
				GCC_PRECOMPILE_PREFIX_HEADER = YES;
				GCC_PREFIX_HEADER = XO/SupportingFiles/Prefix.pch;
				INFOPLIST_FILE = XO/SupportingFiles/Info.plist;
				IPHONEOS_DEPLOYMENT_TARGET = 8.0;
				LIBRARY_SEARCH_PATHS = "$(inherited)";
				ONLY_ACTIVE_ARCH = YES;
				OTHER_LDFLAGS = "";
				PRECOMPS_INCLUDE_HEADERS_FROM_BUILT_PRODUCTS_DIR = YES;
				PRODUCT_BUNDLE_IDENTIFIER = "com.mobilez365.${PRODUCT_NAME:rfc1034identifier}";
				PRODUCT_NAME = "$(TARGET_NAME)";
				PROVISIONING_PROFILE = "";
				TARGETED_DEVICE_FAMILY = 1;
				VALID_ARCHS = "armv7 armv7s arm64";
				WRAPPER_EXTENSION = app;
			};
			name = Debug;
		};
		8481FC771915273E00D9F0EB /* Release */ = {
			isa = XCBuildConfiguration;
			buildSettings = {
				ASSETCATALOG_COMPILER_APPICON_NAME = AppIconXO;
				CODE_SIGN_IDENTITY = "iPhone Developer";
				ENABLE_BITCODE = NO;
				FRAMEWORK_SEARCH_PATHS = "$(inherited)";
				GCC_PRECOMPILE_PREFIX_HEADER = YES;
				GCC_PREFIX_HEADER = XO/SupportingFiles/Prefix.pch;
				INFOPLIST_FILE = XO/SupportingFiles/Info.plist;
				IPHONEOS_DEPLOYMENT_TARGET = 8.0;
				LIBRARY_SEARCH_PATHS = "$(inherited)";
				ONLY_ACTIVE_ARCH = YES;
				OTHER_LDFLAGS = "";
				PRECOMPS_INCLUDE_HEADERS_FROM_BUILT_PRODUCTS_DIR = YES;
				PRODUCT_BUNDLE_IDENTIFIER = "com.mobilez365.${PRODUCT_NAME:rfc1034identifier}";
				PRODUCT_NAME = "$(TARGET_NAME)";
				PROVISIONING_PROFILE = "";
				TARGETED_DEVICE_FAMILY = 1;
				VALID_ARCHS = "armv7 armv7s arm64";
				WRAPPER_EXTENSION = app;
			};
			name = Release;
		};
/* End XCBuildConfiguration section */

/* Begin XCConfigurationList section */
		8481FC3B1915273E00D9F0EB /* Build configuration list for PBXProject "XO" */ = {
			isa = XCConfigurationList;
			buildConfigurations = (
				8481FC731915273E00D9F0EB /* Debug */,
				8481FC741915273E00D9F0EB /* Release */,
			);
			defaultConfigurationIsVisible = 0;
			defaultConfigurationName = Release;
		};
		8481FC751915273E00D9F0EB /* Build configuration list for PBXNativeTarget "XO" */ = {
			isa = XCConfigurationList;
			buildConfigurations = (
				8481FC761915273E00D9F0EB /* Debug */,
				8481FC771915273E00D9F0EB /* Release */,
			);
			defaultConfigurationIsVisible = 0;
			defaultConfigurationName = Release;
		};
/* End XCConfigurationList section */
	};
	rootObject = 8481FC381915273E00D9F0EB /* Project object */;
}
