// !$*UTF8*$!
{
	archiveVersion = 1;
	classes = {
	};
	objectVersion = 46;
	objects = {

/* Begin PBXBuildFile section */
		4F2921AE1BE20E8F00FF65C6 /* SoundButton.m in Sources */ = {isa = PBXBuildFile; fileRef = 4F2921AD1BE20E8F00FF65C6 /* SoundButton.m */; };
		4F2921B21BE20F2A00FF65C6 /* AlertViewController.m in Sources */ = {isa = PBXBuildFile; fileRef = 4F2921B11BE20F2A00FF65C6 /* AlertViewController.m */; };
		4F655ACC1BDAA85000E6233A /* Launch Screen.storyboard in Resources */ = {isa = PBXBuildFile; fileRef = 4F655ACB1BDAA85000E6233A /* Launch Screen.storyboard */; };
		4F6B20C01BE37AB100315C1A /* GameCollectionViewCell.m in Sources */ = {isa = PBXBuildFile; fileRef = 4F6B20BF1BE37AB100315C1A /* GameCollectionViewCell.m */; };
		4FADCE3C1BE9008B00490AAB /* LobbyViewController.m in Sources */ = {isa = PBXBuildFile; fileRef = 4FADCE3B1BE9008B00490AAB /* LobbyViewController.m */; };
		4FADCE401BE9017700490AAB /* LobbyTableViewCell.m in Sources */ = {isa = PBXBuildFile; fileRef = 4FADCE3F1BE9017700490AAB /* LobbyTableViewCell.m */; };
		4FADCE411BE91EE200490AAB /* Images.xcassets in Resources */ = {isa = PBXBuildFile; fileRef = 93061D321BDE84F200F148E0 /* Images.xcassets */; };
		8481FC441915273E00D9F0EB /* Foundation.framework in Frameworks */ = {isa = PBXBuildFile; fileRef = 8481FC431915273E00D9F0EB /* Foundation.framework */; };
		8481FC481915273E00D9F0EB /* UIKit.framework in Frameworks */ = {isa = PBXBuildFile; fileRef = 8481FC471915273E00D9F0EB /* UIKit.framework */; };
		8481FC541915273E00D9F0EB /* AppDelegate.m in Sources */ = {isa = PBXBuildFile; fileRef = 8481FC531915273E00D9F0EB /* AppDelegate.m */; };
		84D667711917882A000DA569 /* AVFoundation.framework in Frameworks */ = {isa = PBXBuildFile; fileRef = 84D667701917882A000DA569 /* AVFoundation.framework */; };
		84D6677319178838000DA569 /* AudioToolbox.framework in Frameworks */ = {isa = PBXBuildFile; fileRef = 84D6677219178838000DA569 /* AudioToolbox.framework */; };
		93003DCB1BDFD206009430B3 /* UIFont+AppFont.m in Sources */ = {isa = PBXBuildFile; fileRef = 93003DCA1BDFD206009430B3 /* UIFont+AppFont.m */; };
		93003DCF1BDFD2B6009430B3 /* UIColor+AppColor.m in Sources */ = {isa = PBXBuildFile; fileRef = 93003DCE1BDFD2B6009430B3 /* UIColor+AppColor.m */; };
		93061D3C1BDE84F200F148E0 /* Localizable.strings in Resources */ = {isa = PBXBuildFile; fileRef = 93061D2C1BDE84F200F148E0 /* Localizable.strings */; };
		93061D3E1BDE84F200F148E0 /* music.mp3 in Resources */ = {isa = PBXBuildFile; fileRef = 93061D351BDE84F200F148E0 /* music.mp3 */; };
		93061D3F1BDE84F200F148E0 /* sound_click.mp3 in Resources */ = {isa = PBXBuildFile; fileRef = 93061D361BDE84F200F148E0 /* sound_click.mp3 */; };
		93061D401BDE84F200F148E0 /* sound_goes_o.mp3 in Resources */ = {isa = PBXBuildFile; fileRef = 93061D371BDE84F200F148E0 /* sound_goes_o.mp3 */; };
		93061D411BDE84F200F148E0 /* sound_goes_x.mp3 in Resources */ = {isa = PBXBuildFile; fileRef = 93061D381BDE84F200F148E0 /* sound_goes_x.mp3 */; };
		93061D421BDE84F200F148E0 /* sound_lose.mp3 in Resources */ = {isa = PBXBuildFile; fileRef = 93061D391BDE84F200F148E0 /* sound_lose.mp3 */; };
		93061D431BDE84F200F148E0 /* sound_win.mp3 in Resources */ = {isa = PBXBuildFile; fileRef = 93061D3A1BDE84F200F148E0 /* sound_win.mp3 */; };
		93061D471BDE855400F148E0 /* GameManager.m in Sources */ = {isa = PBXBuildFile; fileRef = 93061D461BDE855400F148E0 /* GameManager.m */; };
		93061D4B1BDE858800F148E0 /* SoundManager.m in Sources */ = {isa = PBXBuildFile; fileRef = 93061D4A1BDE858800F148E0 /* SoundManager.m */; };
		93061D621BDE862B00F148E0 /* iPhone.storyboard in Resources */ = {isa = PBXBuildFile; fileRef = 93061D611BDE862B00F148E0 /* iPhone.storyboard */; };
		93061D861BDE89C400F148E0 /* main.m in Sources */ = {isa = PBXBuildFile; fileRef = 93061D831BDE89C400F148E0 /* main.m */; };
		93061D971BDE8AF400F148E0 /* AboutViewController.m in Sources */ = {isa = PBXBuildFile; fileRef = 93061D8A1BDE8AF400F148E0 /* AboutViewController.m */; };
		93061D981BDE8AF400F148E0 /* BaseViewController.m in Sources */ = {isa = PBXBuildFile; fileRef = 93061D8D1BDE8AF400F148E0 /* BaseViewController.m */; };
		93061D991BDE8AF400F148E0 /* GameViewController.m in Sources */ = {isa = PBXBuildFile; fileRef = 93061D901BDE8AF400F148E0 /* GameViewController.m */; };
		93061D9A1BDE8AF400F148E0 /* SettingsViewController.m in Sources */ = {isa = PBXBuildFile; fileRef = 93061D931BDE8AF400F148E0 /* SettingsViewController.m */; };
		93061D9B1BDE8AF400F148E0 /* StartViewController.m in Sources */ = {isa = PBXBuildFile; fileRef = 93061D961BDE8AF400F148E0 /* StartViewController.m */; };
		932A7A9B1BDEC48E005A0E5F /* SwitchControlView.m in Sources */ = {isa = PBXBuildFile; fileRef = 932A7A991BDEC48E005A0E5F /* SwitchControlView.m */; };
		93453C4A1BE3704A002F08DB /* BLEService.m in Sources */ = {isa = PBXBuildFile; fileRef = 93453C491BE3704A002F08DB /* BLEService.m */; };
		93453C521BE38EB5002F08DB /* BaseGameModel.m in Sources */ = {isa = PBXBuildFile; fileRef = 93453C511BE38EB5002F08DB /* BaseGameModel.m */; };
		93453C5A1BE39B9E002F08DB /* GameModelSinglePlayer.m in Sources */ = {isa = PBXBuildFile; fileRef = 93453C591BE39B9E002F08DB /* GameModelSinglePlayer.m */; };
		935B32931BE7850E006EFADF /* error.mp3 in Resources */ = {isa = PBXBuildFile; fileRef = 935B32921BE7850E006EFADF /* error.mp3 */; };
		939F34971BDFDD7F009D12E2 /* GameKit.framework in Frameworks */ = {isa = PBXBuildFile; fileRef = 939F34961BDFDD7F009D12E2 /* GameKit.framework */; };
		939F34A31BE00457009D12E2 /* Utils.m in Sources */ = {isa = PBXBuildFile; fileRef = 939F34A21BE00457009D12E2 /* Utils.m */; };
		939F34A71BE00735009D12E2 /* GameAchivements.m in Sources */ = {isa = PBXBuildFile; fileRef = 939F34A61BE00735009D12E2 /* GameAchivements.m */; };
		939F34CD1BE129E5009D12E2 /* AIPlayer.m in Sources */ = {isa = PBXBuildFile; fileRef = 939F34CC1BE129E5009D12E2 /* AIPlayer.m */; };
		939F34D71BE12B57009D12E2 /* KeychainStorageService.m in Sources */ = {isa = PBXBuildFile; fileRef = 939F34D61BE12B57009D12E2 /* KeychainStorageService.m */; };
		939F34DB1BE12B68009D12E2 /* ScoreModel.m in Sources */ = {isa = PBXBuildFile; fileRef = 939F34DA1BE12B68009D12E2 /* ScoreModel.m */; };
		939F34E91BE1F606009D12E2 /* Adigiana_Ultra.ttf in Resources */ = {isa = PBXBuildFile; fileRef = 939F34E81BE1F606009D12E2 /* Adigiana_Ultra.ttf */; };
/* End PBXBuildFile section */

/* Begin PBXFileReference section */
		4F2921AC1BE20E8F00FF65C6 /* SoundButton.h */ = {isa = PBXFileReference; fileEncoding = 4; lastKnownFileType = sourcecode.c.h; path = SoundButton.h; sourceTree = "<group>"; };
		4F2921AD1BE20E8F00FF65C6 /* SoundButton.m */ = {isa = PBXFileReference; fileEncoding = 4; lastKnownFileType = sourcecode.c.objc; path = SoundButton.m; sourceTree = "<group>"; };
		4F2921B01BE20F2A00FF65C6 /* AlertViewController.h */ = {isa = PBXFileReference; fileEncoding = 4; lastKnownFileType = sourcecode.c.h; path = AlertViewController.h; sourceTree = "<group>"; };
		4F2921B11BE20F2A00FF65C6 /* AlertViewController.m */ = {isa = PBXFileReference; fileEncoding = 4; lastKnownFileType = sourcecode.c.objc; path = AlertViewController.m; sourceTree = "<group>"; };
		4F655ACB1BDAA85000E6233A /* Launch Screen.storyboard */ = {isa = PBXFileReference; fileEncoding = 4; lastKnownFileType = file.storyboard; path = "Launch Screen.storyboard"; sourceTree = "<group>"; };
		4F6B20BE1BE37AB100315C1A /* GameCollectionViewCell.h */ = {isa = PBXFileReference; fileEncoding = 4; lastKnownFileType = sourcecode.c.h; path = GameCollectionViewCell.h; sourceTree = "<group>"; };
		4F6B20BF1BE37AB100315C1A /* GameCollectionViewCell.m */ = {isa = PBXFileReference; fileEncoding = 4; lastKnownFileType = sourcecode.c.objc; path = GameCollectionViewCell.m; sourceTree = "<group>"; };
		4FADCE3A1BE9008B00490AAB /* LobbyViewController.h */ = {isa = PBXFileReference; fileEncoding = 4; lastKnownFileType = sourcecode.c.h; path = LobbyViewController.h; sourceTree = "<group>"; };
		4FADCE3B1BE9008B00490AAB /* LobbyViewController.m */ = {isa = PBXFileReference; fileEncoding = 4; lastKnownFileType = sourcecode.c.objc; path = LobbyViewController.m; sourceTree = "<group>"; };
		4FADCE3E1BE9017700490AAB /* LobbyTableViewCell.h */ = {isa = PBXFileReference; fileEncoding = 4; lastKnownFileType = sourcecode.c.h; path = LobbyTableViewCell.h; sourceTree = "<group>"; };
		4FADCE3F1BE9017700490AAB /* LobbyTableViewCell.m */ = {isa = PBXFileReference; fileEncoding = 4; lastKnownFileType = sourcecode.c.objc; path = LobbyTableViewCell.m; sourceTree = "<group>"; };
		8481FC401915273E00D9F0EB /* XO.app */ = {isa = PBXFileReference; explicitFileType = wrapper.application; includeInIndex = 0; path = XO.app; sourceTree = BUILT_PRODUCTS_DIR; };
		8481FC431915273E00D9F0EB /* Foundation.framework */ = {isa = PBXFileReference; lastKnownFileType = wrapper.framework; name = Foundation.framework; path = System/Library/Frameworks/Foundation.framework; sourceTree = SDKROOT; };
		8481FC471915273E00D9F0EB /* UIKit.framework */ = {isa = PBXFileReference; lastKnownFileType = wrapper.framework; name = UIKit.framework; path = System/Library/Frameworks/UIKit.framework; sourceTree = SDKROOT; };
		8481FC521915273E00D9F0EB /* AppDelegate.h */ = {isa = PBXFileReference; lastKnownFileType = sourcecode.c.h; path = AppDelegate.h; sourceTree = "<group>"; };
		8481FC531915273E00D9F0EB /* AppDelegate.m */ = {isa = PBXFileReference; lastKnownFileType = sourcecode.c.objc; path = AppDelegate.m; sourceTree = "<group>"; };
		84D667701917882A000DA569 /* AVFoundation.framework */ = {isa = PBXFileReference; lastKnownFileType = wrapper.framework; name = AVFoundation.framework; path = System/Library/Frameworks/AVFoundation.framework; sourceTree = SDKROOT; };
		84D6677219178838000DA569 /* AudioToolbox.framework */ = {isa = PBXFileReference; lastKnownFileType = wrapper.framework; name = AudioToolbox.framework; path = System/Library/Frameworks/AudioToolbox.framework; sourceTree = SDKROOT; };
		93003DC91BDFD206009430B3 /* UIFont+AppFont.h */ = {isa = PBXFileReference; fileEncoding = 4; lastKnownFileType = sourcecode.c.h; path = "UIFont+AppFont.h"; sourceTree = "<group>"; };
		93003DCA1BDFD206009430B3 /* UIFont+AppFont.m */ = {isa = PBXFileReference; fileEncoding = 4; lastKnownFileType = sourcecode.c.objc; path = "UIFont+AppFont.m"; sourceTree = "<group>"; };
		93003DCD1BDFD2B6009430B3 /* UIColor+AppColor.h */ = {isa = PBXFileReference; fileEncoding = 4; lastKnownFileType = sourcecode.c.h; path = "UIColor+AppColor.h"; sourceTree = "<group>"; };
		93003DCE1BDFD2B6009430B3 /* UIColor+AppColor.m */ = {isa = PBXFileReference; fileEncoding = 4; lastKnownFileType = sourcecode.c.objc; path = "UIColor+AppColor.m"; sourceTree = "<group>"; };
		93061D2D1BDE84F200F148E0 /* Base */ = {isa = PBXFileReference; lastKnownFileType = text.plist.strings; name = Base; path = Base.lproj/Localizable.strings; sourceTree = "<group>"; };
		93061D2E1BDE84F200F148E0 /* de */ = {isa = PBXFileReference; lastKnownFileType = text.plist.strings; name = de; path = de.lproj/Localizable.strings; sourceTree = "<group>"; };
		93061D2F1BDE84F200F148E0 /* en */ = {isa = PBXFileReference; lastKnownFileType = text.plist.strings; name = en; path = en.lproj/Localizable.strings; sourceTree = "<group>"; };
		93061D301BDE84F200F148E0 /* es */ = {isa = PBXFileReference; lastKnownFileType = text.plist.strings; name = es; path = es.lproj/Localizable.strings; sourceTree = "<group>"; };
		93061D311BDE84F200F148E0 /* fr */ = {isa = PBXFileReference; lastKnownFileType = text.plist.strings; name = fr; path = fr.lproj/Localizable.strings; sourceTree = "<group>"; };
		93061D321BDE84F200F148E0 /* Images.xcassets */ = {isa = PBXFileReference; lastKnownFileType = folder.assetcatalog; path = Images.xcassets; sourceTree = "<group>"; };
		93061D331BDE84F200F148E0 /* ru */ = {isa = PBXFileReference; lastKnownFileType = text.plist.strings; name = ru; path = ru.lproj/Localizable.strings; sourceTree = "<group>"; };
		93061D351BDE84F200F148E0 /* music.mp3 */ = {isa = PBXFileReference; lastKnownFileType = audio.mp3; path = music.mp3; sourceTree = "<group>"; };
		93061D361BDE84F200F148E0 /* sound_click.mp3 */ = {isa = PBXFileReference; lastKnownFileType = audio.mp3; path = sound_click.mp3; sourceTree = "<group>"; };
		93061D371BDE84F200F148E0 /* sound_goes_o.mp3 */ = {isa = PBXFileReference; lastKnownFileType = audio.mp3; path = sound_goes_o.mp3; sourceTree = "<group>"; };
		93061D381BDE84F200F148E0 /* sound_goes_x.mp3 */ = {isa = PBXFileReference; lastKnownFileType = audio.mp3; path = sound_goes_x.mp3; sourceTree = "<group>"; };
		93061D391BDE84F200F148E0 /* sound_lose.mp3 */ = {isa = PBXFileReference; lastKnownFileType = audio.mp3; path = sound_lose.mp3; sourceTree = "<group>"; };
		93061D3A1BDE84F200F148E0 /* sound_win.mp3 */ = {isa = PBXFileReference; lastKnownFileType = audio.mp3; path = sound_win.mp3; sourceTree = "<group>"; };
		93061D3B1BDE84F200F148E0 /* uk */ = {isa = PBXFileReference; lastKnownFileType = text.plist.strings; name = uk; path = uk.lproj/Localizable.strings; sourceTree = "<group>"; };
		93061D451BDE855400F148E0 /* GameManager.h */ = {isa = PBXFileReference; fileEncoding = 4; lastKnownFileType = sourcecode.c.h; path = GameManager.h; sourceTree = "<group>"; };
		93061D461BDE855400F148E0 /* GameManager.m */ = {isa = PBXFileReference; fileEncoding = 4; lastKnownFileType = sourcecode.c.objc; path = GameManager.m; sourceTree = "<group>"; };
		93061D491BDE858800F148E0 /* SoundManager.h */ = {isa = PBXFileReference; fileEncoding = 4; lastKnownFileType = sourcecode.c.h; path = SoundManager.h; sourceTree = "<group>"; };
		93061D4A1BDE858800F148E0 /* SoundManager.m */ = {isa = PBXFileReference; fileEncoding = 4; lastKnownFileType = sourcecode.c.objc; path = SoundManager.m; sourceTree = "<group>"; };
		93061D611BDE862B00F148E0 /* iPhone.storyboard */ = {isa = PBXFileReference; fileEncoding = 4; lastKnownFileType = file.storyboard; path = iPhone.storyboard; sourceTree = "<group>"; };
		93061D811BDE89C400F148E0 /* Constants.h */ = {isa = PBXFileReference; fileEncoding = 4; lastKnownFileType = sourcecode.c.h; path = Constants.h; sourceTree = "<group>"; };
		93061D821BDE89C400F148E0 /* Info.plist */ = {isa = PBXFileReference; fileEncoding = 4; lastKnownFileType = text.plist.xml; path = Info.plist; sourceTree = "<group>"; };
		93061D831BDE89C400F148E0 /* main.m */ = {isa = PBXFileReference; fileEncoding = 4; lastKnownFileType = sourcecode.c.objc; path = main.m; sourceTree = "<group>"; };
		93061D841BDE89C400F148E0 /* Prefix.pch */ = {isa = PBXFileReference; fileEncoding = 4; lastKnownFileType = sourcecode.c.h; path = Prefix.pch; sourceTree = "<group>"; };
		93061D891BDE8AF400F148E0 /* AboutViewController.h */ = {isa = PBXFileReference; fileEncoding = 4; lastKnownFileType = sourcecode.c.h; path = AboutViewController.h; sourceTree = "<group>"; };
		93061D8A1BDE8AF400F148E0 /* AboutViewController.m */ = {isa = PBXFileReference; fileEncoding = 4; lastKnownFileType = sourcecode.c.objc; path = AboutViewController.m; sourceTree = "<group>"; };
		93061D8C1BDE8AF400F148E0 /* BaseViewController.h */ = {isa = PBXFileReference; fileEncoding = 4; lastKnownFileType = sourcecode.c.h; path = BaseViewController.h; sourceTree = "<group>"; };
		93061D8D1BDE8AF400F148E0 /* BaseViewController.m */ = {isa = PBXFileReference; fileEncoding = 4; lastKnownFileType = sourcecode.c.objc; path = BaseViewController.m; sourceTree = "<group>"; };
		93061D8F1BDE8AF400F148E0 /* GameViewController.h */ = {isa = PBXFileReference; fileEncoding = 4; lastKnownFileType = sourcecode.c.h; path = GameViewController.h; sourceTree = "<group>"; };
		93061D901BDE8AF400F148E0 /* GameViewController.m */ = {isa = PBXFileReference; fileEncoding = 4; lastKnownFileType = sourcecode.c.objc; path = GameViewController.m; sourceTree = "<group>"; };
		93061D921BDE8AF400F148E0 /* SettingsViewController.h */ = {isa = PBXFileReference; fileEncoding = 4; lastKnownFileType = sourcecode.c.h; path = SettingsViewController.h; sourceTree = "<group>"; };
		93061D931BDE8AF400F148E0 /* SettingsViewController.m */ = {isa = PBXFileReference; fileEncoding = 4; lastKnownFileType = sourcecode.c.objc; path = SettingsViewController.m; sourceTree = "<group>"; };
		93061D951BDE8AF400F148E0 /* StartViewController.h */ = {isa = PBXFileReference; fileEncoding = 4; lastKnownFileType = sourcecode.c.h; path = StartViewController.h; sourceTree = "<group>"; };
		93061D961BDE8AF400F148E0 /* StartViewController.m */ = {isa = PBXFileReference; fileEncoding = 4; lastKnownFileType = sourcecode.c.objc; path = StartViewController.m; sourceTree = "<group>"; };
		932A7A981BDEC48E005A0E5F /* SwitchControlView.h */ = {isa = PBXFileReference; fileEncoding = 4; lastKnownFileType = sourcecode.c.h; path = SwitchControlView.h; sourceTree = "<group>"; };
		932A7A991BDEC48E005A0E5F /* SwitchControlView.m */ = {isa = PBXFileReference; fileEncoding = 4; lastKnownFileType = sourcecode.c.objc; path = SwitchControlView.m; sourceTree = "<group>"; };
		93453C481BE3704A002F08DB /* BLEService.h */ = {isa = PBXFileReference; fileEncoding = 4; lastKnownFileType = sourcecode.c.h; path = BLEService.h; sourceTree = "<group>"; };
		93453C491BE3704A002F08DB /* BLEService.m */ = {isa = PBXFileReference; fileEncoding = 4; lastKnownFileType = sourcecode.c.objc; path = BLEService.m; sourceTree = "<group>"; };
		93453C501BE38EB5002F08DB /* BaseGameModel.h */ = {isa = PBXFileReference; fileEncoding = 4; lastKnownFileType = sourcecode.c.h; path = BaseGameModel.h; sourceTree = "<group>"; };
		93453C511BE38EB5002F08DB /* BaseGameModel.m */ = {isa = PBXFileReference; fileEncoding = 4; lastKnownFileType = sourcecode.c.objc; path = BaseGameModel.m; sourceTree = "<group>"; };
		93453C581BE39B9E002F08DB /* GameModelSinglePlayer.h */ = {isa = PBXFileReference; fileEncoding = 4; lastKnownFileType = sourcecode.c.h; path = GameModelSinglePlayer.h; sourceTree = "<group>"; };
		93453C591BE39B9E002F08DB /* GameModelSinglePlayer.m */ = {isa = PBXFileReference; fileEncoding = 4; lastKnownFileType = sourcecode.c.objc; path = GameModelSinglePlayer.m; sourceTree = "<group>"; };
		935B32921BE7850E006EFADF /* error.mp3 */ = {isa = PBXFileReference; lastKnownFileType = audio.mp3; path = error.mp3; sourceTree = "<group>"; };
		939F34961BDFDD7F009D12E2 /* GameKit.framework */ = {isa = PBXFileReference; lastKnownFileType = wrapper.framework; name = GameKit.framework; path = System/Library/Frameworks/GameKit.framework; sourceTree = SDKROOT; };
		939F34A11BE00457009D12E2 /* Utils.h */ = {isa = PBXFileReference; fileEncoding = 4; lastKnownFileType = sourcecode.c.h; path = Utils.h; sourceTree = "<group>"; };
		939F34A21BE00457009D12E2 /* Utils.m */ = {isa = PBXFileReference; fileEncoding = 4; lastKnownFileType = sourcecode.c.objc; path = Utils.m; sourceTree = "<group>"; };
		939F34A51BE00735009D12E2 /* GameAchivements.h */ = {isa = PBXFileReference; fileEncoding = 4; lastKnownFileType = sourcecode.c.h; path = GameAchivements.h; sourceTree = "<group>"; };
		939F34A61BE00735009D12E2 /* GameAchivements.m */ = {isa = PBXFileReference; fileEncoding = 4; lastKnownFileType = sourcecode.c.objc; path = GameAchivements.m; sourceTree = "<group>"; };
		939F34CB1BE129E5009D12E2 /* AIPlayer.h */ = {isa = PBXFileReference; fileEncoding = 4; lastKnownFileType = sourcecode.c.h; path = AIPlayer.h; sourceTree = "<group>"; };
		939F34CC1BE129E5009D12E2 /* AIPlayer.m */ = {isa = PBXFileReference; fileEncoding = 4; lastKnownFileType = sourcecode.c.objc; path = AIPlayer.m; sourceTree = "<group>"; };
		939F34D51BE12B57009D12E2 /* KeychainStorageService.h */ = {isa = PBXFileReference; fileEncoding = 4; lastKnownFileType = sourcecode.c.h; path = KeychainStorageService.h; sourceTree = "<group>"; };
		939F34D61BE12B57009D12E2 /* KeychainStorageService.m */ = {isa = PBXFileReference; fileEncoding = 4; lastKnownFileType = sourcecode.c.objc; path = KeychainStorageService.m; sourceTree = "<group>"; };
		939F34D91BE12B68009D12E2 /* ScoreModel.h */ = {isa = PBXFileReference; fileEncoding = 4; lastKnownFileType = sourcecode.c.h; path = ScoreModel.h; sourceTree = "<group>"; };
		939F34DA1BE12B68009D12E2 /* ScoreModel.m */ = {isa = PBXFileReference; fileEncoding = 4; lastKnownFileType = sourcecode.c.objc; path = ScoreModel.m; sourceTree = "<group>"; };
		939F34E81BE1F606009D12E2 /* Adigiana_Ultra.ttf */ = {isa = PBXFileReference; lastKnownFileType = file; path = Adigiana_Ultra.ttf; sourceTree = "<group>"; };
/* End PBXFileReference section */

/* Begin PBXFrameworksBuildPhase section */
		8481FC3D1915273E00D9F0EB /* Frameworks */ = {
			isa = PBXFrameworksBuildPhase;
			buildActionMask = 2147483647;
			files = (
				939F34971BDFDD7F009D12E2 /* GameKit.framework in Frameworks */,
				84D6677319178838000DA569 /* AudioToolbox.framework in Frameworks */,
				84D667711917882A000DA569 /* AVFoundation.framework in Frameworks */,
				8481FC481915273E00D9F0EB /* UIKit.framework in Frameworks */,
				8481FC441915273E00D9F0EB /* Foundation.framework in Frameworks */,
			);
			runOnlyForDeploymentPostprocessing = 0;
		};
/* End PBXFrameworksBuildPhase section */

/* Begin PBXGroup section */
		4F2921AB1BE20E8F00FF65C6 /* SoundButton */ = {
			isa = PBXGroup;
			children = (
				4F2921AC1BE20E8F00FF65C6 /* SoundButton.h */,
				4F2921AD1BE20E8F00FF65C6 /* SoundButton.m */,
			);
			path = SoundButton;
			sourceTree = "<group>";
		};
		4F2921AF1BE20EAF00FF65C6 /* AlertController */ = {
			isa = PBXGroup;
			children = (
				4F2921B01BE20F2A00FF65C6 /* AlertViewController.h */,
				4F2921B11BE20F2A00FF65C6 /* AlertViewController.m */,
			);
			path = AlertController;
			sourceTree = "<group>";
		};
		4F6B20BD1BE37A9700315C1A /* GameCollectionViewCell */ = {
			isa = PBXGroup;
			children = (
				4F6B20BE1BE37AB100315C1A /* GameCollectionViewCell.h */,
				4F6B20BF1BE37AB100315C1A /* GameCollectionViewCell.m */,
			);
			path = GameCollectionViewCell;
			sourceTree = "<group>";
		};
		4FADCE391BE9006E00490AAB /* LobbyViewController */ = {
			isa = PBXGroup;
			children = (
				4FADCE3D1BE9015F00490AAB /* LobbyTableViewCell */,
				4FADCE3A1BE9008B00490AAB /* LobbyViewController.h */,
				4FADCE3B1BE9008B00490AAB /* LobbyViewController.m */,
			);
			path = LobbyViewController;
			sourceTree = "<group>";
		};
		4FADCE3D1BE9015F00490AAB /* LobbyTableViewCell */ = {
			isa = PBXGroup;
			children = (
				4FADCE3E1BE9017700490AAB /* LobbyTableViewCell.h */,
				4FADCE3F1BE9017700490AAB /* LobbyTableViewCell.m */,
			);
			path = LobbyTableViewCell;
			sourceTree = "<group>";
		};
		84742D7919197C54007B868E /* Other Classes */ = {
			isa = PBXGroup;
			children = (
				939F34A41BE00735009D12E2 /* GameAchivements */,
				939F34A01BE0044C009D12E2 /* Utils */,
				93003DC71BDFD1DC009430B3 /* Categories */,
			);
			path = "Other Classes";
			sourceTree = "<group>";
		};
		8481FC371915273E00D9F0EB = {
			isa = PBXGroup;
			children = (
				8481FC491915273E00D9F0EB /* XO */,
				8481FC421915273E00D9F0EB /* Frameworks */,
				8481FC411915273E00D9F0EB /* Products */,
			);
			sourceTree = "<group>";
		};
		8481FC411915273E00D9F0EB /* Products */ = {
			isa = PBXGroup;
			children = (
				8481FC401915273E00D9F0EB /* XO.app */,
			);
			name = Products;
			sourceTree = "<group>";
		};
		8481FC421915273E00D9F0EB /* Frameworks */ = {
			isa = PBXGroup;
			children = (
				939F34961BDFDD7F009D12E2 /* GameKit.framework */,
				84D6677219178838000DA569 /* AudioToolbox.framework */,
				84D667701917882A000DA569 /* AVFoundation.framework */,
				8481FC431915273E00D9F0EB /* Foundation.framework */,
				8481FC471915273E00D9F0EB /* UIKit.framework */,
			);
			name = Frameworks;
			sourceTree = "<group>";
		};
		8481FC491915273E00D9F0EB /* XO */ = {
			isa = PBXGroup;
			children = (
				93061D2B1BDE84F200F148E0 /* Resources */,
				939F34C51BE129D4009D12E2 /* Models */,
				932A7A961BDEC476005A0E5F /* Views */,
				93061D871BDE8AF400F148E0 /* ViewControllers */,
				8481FC7D19152A2D00D9F0EB /* Managers */,
				939F34D31BE12B57009D12E2 /* Services */,
				84742D7919197C54007B868E /* Other Classes */,
				8481FC521915273E00D9F0EB /* AppDelegate.h */,
				8481FC531915273E00D9F0EB /* AppDelegate.m */,
				93061D611BDE862B00F148E0 /* iPhone.storyboard */,
				4F655ACB1BDAA85000E6233A /* Launch Screen.storyboard */,
				93061D631BDE865F00F148E0 /* SupportingFiles */,
			);
			path = XO;
			sourceTree = "<group>";
		};
		8481FC7D19152A2D00D9F0EB /* Managers */ = {
			isa = PBXGroup;
			children = (
				93061D441BDE855400F148E0 /* GameManager */,
				93061D481BDE858800F148E0 /* SoundManager */,
			);
			name = Managers;
			path = Manager;
			sourceTree = "<group>";
		};
		93003DC71BDFD1DC009430B3 /* Categories */ = {
			isa = PBXGroup;
			children = (
				93003DCC1BDFD2A7009430B3 /* UIColor+AppColor */,
				93003DC81BDFD1F0009430B3 /* UIFont+AppFonts */,
			);
			path = Categories;
			sourceTree = "<group>";
		};
		93003DC81BDFD1F0009430B3 /* UIFont+AppFonts */ = {
			isa = PBXGroup;
			children = (
				93003DC91BDFD206009430B3 /* UIFont+AppFont.h */,
				93003DCA1BDFD206009430B3 /* UIFont+AppFont.m */,
			);
			path = "UIFont+AppFonts";
			sourceTree = "<group>";
		};
		93003DCC1BDFD2A7009430B3 /* UIColor+AppColor */ = {
			isa = PBXGroup;
			children = (
				93003DCD1BDFD2B6009430B3 /* UIColor+AppColor.h */,
				93003DCE1BDFD2B6009430B3 /* UIColor+AppColor.m */,
			);
			path = "UIColor+AppColor";
			sourceTree = "<group>";
		};
		93061D2B1BDE84F200F148E0 /* Resources */ = {
			isa = PBXGroup;
			children = (
				939F34E81BE1F606009D12E2 /* Adigiana_Ultra.ttf */,
				93061D341BDE84F200F148E0 /* Sounds */,
				93061D2C1BDE84F200F148E0 /* Localizable.strings */,
				93061D321BDE84F200F148E0 /* Images.xcassets */,
			);
			path = Resources;
			sourceTree = "<group>";
		};
		93061D341BDE84F200F148E0 /* Sounds */ = {
			isa = PBXGroup;
			children = (
				935B32921BE7850E006EFADF /* error.mp3 */,
				93061D351BDE84F200F148E0 /* music.mp3 */,
				93061D361BDE84F200F148E0 /* sound_click.mp3 */,
				93061D371BDE84F200F148E0 /* sound_goes_o.mp3 */,
				93061D381BDE84F200F148E0 /* sound_goes_x.mp3 */,
				93061D391BDE84F200F148E0 /* sound_lose.mp3 */,
				93061D3A1BDE84F200F148E0 /* sound_win.mp3 */,
			);
			path = Sounds;
			sourceTree = "<group>";
		};
		93061D441BDE855400F148E0 /* GameManager */ = {
			isa = PBXGroup;
			children = (
				93061D451BDE855400F148E0 /* GameManager.h */,
				93061D461BDE855400F148E0 /* GameManager.m */,
			);
			path = GameManager;
			sourceTree = "<group>";
		};
		93061D481BDE858800F148E0 /* SoundManager */ = {
			isa = PBXGroup;
			children = (
				93061D491BDE858800F148E0 /* SoundManager.h */,
				93061D4A1BDE858800F148E0 /* SoundManager.m */,
			);
			path = SoundManager;
			sourceTree = "<group>";
		};
		93061D631BDE865F00F148E0 /* SupportingFiles */ = {
			isa = PBXGroup;
			children = (
				93061D811BDE89C400F148E0 /* Constants.h */,
				93061D821BDE89C400F148E0 /* Info.plist */,
				93061D831BDE89C400F148E0 /* main.m */,
				93061D841BDE89C400F148E0 /* Prefix.pch */,
			);
			path = SupportingFiles;
			sourceTree = "<group>";
		};
		93061D871BDE8AF400F148E0 /* ViewControllers */ = {
			isa = PBXGroup;
			children = (
				4FADCE391BE9006E00490AAB /* LobbyViewController */,
				93061D881BDE8AF400F148E0 /* AboutViewController */,
				93061D8B1BDE8AF400F148E0 /* BaseViewController */,
				93061D8E1BDE8AF400F148E0 /* GameViewController */,
				93061D911BDE8AF400F148E0 /* SettingsViewController */,
				93061D941BDE8AF400F148E0 /* StartViewController */,
			);
			path = ViewControllers;
			sourceTree = "<group>";
		};
		93061D881BDE8AF400F148E0 /* AboutViewController */ = {
			isa = PBXGroup;
			children = (
				93061D891BDE8AF400F148E0 /* AboutViewController.h */,
				93061D8A1BDE8AF400F148E0 /* AboutViewController.m */,
			);
			path = AboutViewController;
			sourceTree = "<group>";
		};
		93061D8B1BDE8AF400F148E0 /* BaseViewController */ = {
			isa = PBXGroup;
			children = (
				93061D8C1BDE8AF400F148E0 /* BaseViewController.h */,
				93061D8D1BDE8AF400F148E0 /* BaseViewController.m */,
			);
			path = BaseViewController;
			sourceTree = "<group>";
		};
		93061D8E1BDE8AF400F148E0 /* GameViewController */ = {
			isa = PBXGroup;
			children = (
				4F6B20BD1BE37A9700315C1A /* GameCollectionViewCell */,
				93061D8F1BDE8AF400F148E0 /* GameViewController.h */,
				93061D901BDE8AF400F148E0 /* GameViewController.m */,
			);
			path = GameViewController;
			sourceTree = "<group>";
		};
		93061D911BDE8AF400F148E0 /* SettingsViewController */ = {
			isa = PBXGroup;
			children = (
				93061D921BDE8AF400F148E0 /* SettingsViewController.h */,
				93061D931BDE8AF400F148E0 /* SettingsViewController.m */,
			);
			path = SettingsViewController;
			sourceTree = "<group>";
		};
		93061D941BDE8AF400F148E0 /* StartViewController */ = {
			isa = PBXGroup;
			children = (
				93061D951BDE8AF400F148E0 /* StartViewController.h */,
				93061D961BDE8AF400F148E0 /* StartViewController.m */,
			);
			path = StartViewController;
			sourceTree = "<group>";
		};
		932A7A961BDEC476005A0E5F /* Views */ = {
			isa = PBXGroup;
			children = (
				4F2921AF1BE20EAF00FF65C6 /* AlertController */,
				4F2921AB1BE20E8F00FF65C6 /* SoundButton */,
				932A7A971BDEC481005A0E5F /* SwitchControlView */,
			);
			path = Views;
			sourceTree = "<group>";
		};
		932A7A971BDEC481005A0E5F /* SwitchControlView */ = {
			isa = PBXGroup;
			children = (
				932A7A981BDEC48E005A0E5F /* SwitchControlView.h */,
				932A7A991BDEC48E005A0E5F /* SwitchControlView.m */,
			);
			path = SwitchControlView;
			sourceTree = "<group>";
		};
		93453C471BE3702F002F08DB /* BLEService */ = {
			isa = PBXGroup;
			children = (
				93453C481BE3704A002F08DB /* BLEService.h */,
				93453C491BE3704A002F08DB /* BLEService.m */,
			);
			path = BLEService;
			sourceTree = "<group>";
		};
		93453C4F1BE38EAA002F08DB /* BaseGameModel */ = {
			isa = PBXGroup;
			children = (
				93453C501BE38EB5002F08DB /* BaseGameModel.h */,
				93453C511BE38EB5002F08DB /* BaseGameModel.m */,
			);
			path = BaseGameModel;
			sourceTree = "<group>";
		};
		93453C571BE39B91002F08DB /* GameModelSinglePlayer */ = {
			isa = PBXGroup;
			children = (
				93453C581BE39B9E002F08DB /* GameModelSinglePlayer.h */,
				93453C591BE39B9E002F08DB /* GameModelSinglePlayer.m */,
			);
			path = GameModelSinglePlayer;
			sourceTree = "<group>";
		};
		939F34A01BE0044C009D12E2 /* Utils */ = {
			isa = PBXGroup;
			children = (
				939F34A11BE00457009D12E2 /* Utils.h */,
				939F34A21BE00457009D12E2 /* Utils.m */,
			);
			path = Utils;
			sourceTree = "<group>";
		};
		939F34A41BE00735009D12E2 /* GameAchivements */ = {
			isa = PBXGroup;
			children = (
				939F34A51BE00735009D12E2 /* GameAchivements.h */,
				939F34A61BE00735009D12E2 /* GameAchivements.m */,
			);
			path = GameAchivements;
			sourceTree = "<group>";
		};
		939F34C51BE129D4009D12E2 /* Models */ = {
			isa = PBXGroup;
			children = (
				93453C571BE39B91002F08DB /* GameModelSinglePlayer */,
				93453C4F1BE38EAA002F08DB /* BaseGameModel */,
				939F34D81BE12B68009D12E2 /* ScoreModel */,
				939F34CA1BE129E5009D12E2 /* AI */,
			);
			path = Models;
			sourceTree = "<group>";
		};
		939F34CA1BE129E5009D12E2 /* AI */ = {
			isa = PBXGroup;
			children = (
				939F34CB1BE129E5009D12E2 /* AIPlayer.h */,
				939F34CC1BE129E5009D12E2 /* AIPlayer.m */,
			);
			path = AI;
			sourceTree = "<group>";
		};
		939F34D31BE12B57009D12E2 /* Services */ = {
			isa = PBXGroup;
			children = (
				93453C471BE3702F002F08DB /* BLEService */,
				939F34D41BE12B57009D12E2 /* KeychainStorageService */,
			);
			path = Services;
			sourceTree = "<group>";
		};
		939F34D41BE12B57009D12E2 /* KeychainStorageService */ = {
			isa = PBXGroup;
			children = (
				939F34D51BE12B57009D12E2 /* KeychainStorageService.h */,
				939F34D61BE12B57009D12E2 /* KeychainStorageService.m */,
			);
			path = KeychainStorageService;
			sourceTree = "<group>";
		};
		939F34D81BE12B68009D12E2 /* ScoreModel */ = {
			isa = PBXGroup;
			children = (
				939F34D91BE12B68009D12E2 /* ScoreModel.h */,
				939F34DA1BE12B68009D12E2 /* ScoreModel.m */,
			);
			path = ScoreModel;
			sourceTree = "<group>";
		};
/* End PBXGroup section */

/* Begin PBXNativeTarget section */
		8481FC3F1915273E00D9F0EB /* XO */ = {
			isa = PBXNativeTarget;
			buildConfigurationList = 8481FC751915273E00D9F0EB /* Build configuration list for PBXNativeTarget "XO" */;
			buildPhases = (
				8481FC3C1915273E00D9F0EB /* Sources */,
				8481FC3D1915273E00D9F0EB /* Frameworks */,
				8481FC3E1915273E00D9F0EB /* Resources */,
			);
			buildRules = (
			);
			dependencies = (
			);
			name = XO;
			productName = XO;
			productReference = 8481FC401915273E00D9F0EB /* XO.app */;
			productType = "com.apple.product-type.application";
		};
/* End PBXNativeTarget section */

/* Begin PBXProject section */
		8481FC381915273E00D9F0EB /* Project object */ = {
			isa = PBXProject;
			attributes = {
				CLASSPREFIX = "";
				LastUpgradeCheck = 0710;
				ORGANIZATIONNAME = Thinkmobiles;
			};
			buildConfigurationList = 8481FC3B1915273E00D9F0EB /* Build configuration list for PBXProject "XO" */;
			compatibilityVersion = "Xcode 3.2";
			developmentRegion = English;
			hasScannedForEncodings = 0;
			knownRegions = (
				en,
				Base,
				uk,
				ru,
				fr,
				de,
				es,
				en_AU,
				en_GB,
				es_MX,
				iw,
				pt_PT,
				zh_CN,
				zh_TW,
			);
			mainGroup = 8481FC371915273E00D9F0EB;
			productRefGroup = 8481FC411915273E00D9F0EB /* Products */;
			projectDirPath = "";
			projectRoot = "";
			targets = (
				8481FC3F1915273E00D9F0EB /* XO */,
			);
		};
/* End PBXProject section */

/* Begin PBXResourcesBuildPhase section */
		8481FC3E1915273E00D9F0EB /* Resources */ = {
			isa = PBXResourcesBuildPhase;
			buildActionMask = 2147483647;
			files = (
				93061D411BDE84F200F148E0 /* sound_goes_x.mp3 in Resources */,
				93061D621BDE862B00F148E0 /* iPhone.storyboard in Resources */,
				939F34E91BE1F606009D12E2 /* Adigiana_Ultra.ttf in Resources */,
				93061D3E1BDE84F200F148E0 /* music.mp3 in Resources */,
				93061D3C1BDE84F200F148E0 /* Localizable.strings in Resources */,
				935B32931BE7850E006EFADF /* error.mp3 in Resources */,
				93061D3F1BDE84F200F148E0 /* sound_click.mp3 in Resources */,
				4F655ACC1BDAA85000E6233A /* Launch Screen.storyboard in Resources */,
				93061D401BDE84F200F148E0 /* sound_goes_o.mp3 in Resources */,
				4FADCE411BE91EE200490AAB /* Images.xcassets in Resources */,
				93061D431BDE84F200F148E0 /* sound_win.mp3 in Resources */,
				93061D421BDE84F200F148E0 /* sound_lose.mp3 in Resources */,
			);
			runOnlyForDeploymentPostprocessing = 0;
		};
/* End PBXResourcesBuildPhase section */

/* Begin PBXSourcesBuildPhase section */
		8481FC3C1915273E00D9F0EB /* Sources */ = {
			isa = PBXSourcesBuildPhase;
			buildActionMask = 2147483647;
			files = (
				4FADCE401BE9017700490AAB /* LobbyTableViewCell.m in Sources */,
				939F34DB1BE12B68009D12E2 /* ScoreModel.m in Sources */,
				93003DCB1BDFD206009430B3 /* UIFont+AppFont.m in Sources */,
				939F34A71BE00735009D12E2 /* GameAchivements.m in Sources */,
				932A7A9B1BDEC48E005A0E5F /* SwitchControlView.m in Sources */,
				93061D971BDE8AF400F148E0 /* AboutViewController.m in Sources */,
				4F2921B21BE20F2A00FF65C6 /* AlertViewController.m in Sources */,
				939F34A31BE00457009D12E2 /* Utils.m in Sources */,
				93061D991BDE8AF400F148E0 /* GameViewController.m in Sources */,
				93453C4A1BE3704A002F08DB /* BLEService.m in Sources */,
				93061D9A1BDE8AF400F148E0 /* SettingsViewController.m in Sources */,
				93003DCF1BDFD2B6009430B3 /* UIColor+AppColor.m in Sources */,
				93061D4B1BDE858800F148E0 /* SoundManager.m in Sources */,
				8481FC541915273E00D9F0EB /* AppDelegate.m in Sources */,
				939F34CD1BE129E5009D12E2 /* AIPlayer.m in Sources */,
				93061D861BDE89C400F148E0 /* main.m in Sources */,
				939F34D71BE12B57009D12E2 /* KeychainStorageService.m in Sources */,
				93061D9B1BDE8AF400F148E0 /* StartViewController.m in Sources */,
				4F2921AE1BE20E8F00FF65C6 /* SoundButton.m in Sources */,
				4F6B20C01BE37AB100315C1A /* GameCollectionViewCell.m in Sources */,
				93453C5A1BE39B9E002F08DB /* GameModelSinglePlayer.m in Sources */,
				93453C521BE38EB5002F08DB /* BaseGameModel.m in Sources */,
				93061D981BDE8AF400F148E0 /* BaseViewController.m in Sources */,
				93061D471BDE855400F148E0 /* GameManager.m in Sources */,
				4FADCE3C1BE9008B00490AAB /* LobbyViewController.m in Sources */,
			);
			runOnlyForDeploymentPostprocessing = 0;
		};
/* End PBXSourcesBuildPhase section */

/* Begin PBXVariantGroup section */
		93061D2C1BDE84F200F148E0 /* Localizable.strings */ = {
			isa = PBXVariantGroup;
			children = (
				93061D2D1BDE84F200F148E0 /* Base */,
				93061D2E1BDE84F200F148E0 /* de */,
				93061D2F1BDE84F200F148E0 /* en */,
				93061D301BDE84F200F148E0 /* es */,
				93061D311BDE84F200F148E0 /* fr */,
				93061D331BDE84F200F148E0 /* ru */,
				93061D3B1BDE84F200F148E0 /* uk */,
			);
			name = Localizable.strings;
			sourceTree = "<group>";
		};
/* End PBXVariantGroup section */

/* Begin XCBuildConfiguration section */
		8481FC731915273E00D9F0EB /* Debug */ = {
			isa = XCBuildConfiguration;
			buildSettings = {
				ALWAYS_SEARCH_USER_PATHS = NO;
				CLANG_CXX_LANGUAGE_STANDARD = "gnu++0x";
				CLANG_CXX_LIBRARY = "libc++";
				CLANG_ENABLE_MODULES = YES;
				CLANG_ENABLE_OBJC_ARC = YES;
				CLANG_WARN_BOOL_CONVERSION = YES;
				CLANG_WARN_CONSTANT_CONVERSION = YES;
				CLANG_WARN_DIRECT_OBJC_ISA_USAGE = YES_ERROR;
				CLANG_WARN_EMPTY_BODY = YES;
				CLANG_WARN_ENUM_CONVERSION = YES;
				CLANG_WARN_INT_CONVERSION = YES;
				CLANG_WARN_OBJC_ROOT_CLASS = YES_ERROR;
				CLANG_WARN__DUPLICATE_METHOD_MATCH = YES;
				CODE_SIGN_IDENTITY = "iPhone Developer: Alexander Sokhanych (U5HL738569)";
				"CODE_SIGN_IDENTITY[sdk=iphoneos*]" = "iPhone Developer";
				COPY_PHASE_STRIP = NO;
				ENABLE_TESTABILITY = YES;
				GCC_C_LANGUAGE_STANDARD = gnu99;
				GCC_DYNAMIC_NO_PIC = NO;
				GCC_OPTIMIZATION_LEVEL = 0;
				GCC_PREPROCESSOR_DEFINITIONS = (
					"DEBUG=1",
					"$(inherited)",
				);
				GCC_SYMBOLS_PRIVATE_EXTERN = NO;
				GCC_WARN_64_TO_32_BIT_CONVERSION = YES;
				GCC_WARN_ABOUT_RETURN_TYPE = YES_ERROR;
				GCC_WARN_UNDECLARED_SELECTOR = YES;
				GCC_WARN_UNINITIALIZED_AUTOS = YES_AGGRESSIVE;
				GCC_WARN_UNUSED_FUNCTION = YES;
				GCC_WARN_UNUSED_VARIABLE = YES;
				IPHONEOS_DEPLOYMENT_TARGET = 8.0;
				ONLY_ACTIVE_ARCH = YES;
				PROVISIONING_PROFILE = "A7F76EDC-202B-41F1-8930-9B28C7AD46DA";
				SDKROOT = iphoneos;
				TARGETED_DEVICE_FAMILY = "1,2";
				VALID_ARCHS = "armv7 armv7s";
			};
			name = Debug;
		};
		8481FC741915273E00D9F0EB /* Release */ = {
			isa = XCBuildConfiguration;
			buildSettings = {
				ALWAYS_SEARCH_USER_PATHS = NO;
				CLANG_CXX_LANGUAGE_STANDARD = "gnu++0x";
				CLANG_CXX_LIBRARY = "libc++";
				CLANG_ENABLE_MODULES = YES;
				CLANG_ENABLE_OBJC_ARC = YES;
				CLANG_WARN_BOOL_CONVERSION = YES;
				CLANG_WARN_CONSTANT_CONVERSION = YES;
				CLANG_WARN_DIRECT_OBJC_ISA_USAGE = YES_ERROR;
				CLANG_WARN_EMPTY_BODY = YES;
				CLANG_WARN_ENUM_CONVERSION = YES;
				CLANG_WARN_INT_CONVERSION = YES;
				CLANG_WARN_OBJC_ROOT_CLASS = YES_ERROR;
				CLANG_WARN__DUPLICATE_METHOD_MATCH = YES;
				CODE_SIGN_IDENTITY = "iPhone Developer: Alexander Sokhanych (U5HL738569)";
				"CODE_SIGN_IDENTITY[sdk=iphoneos*]" = "iPhone Developer";
				COPY_PHASE_STRIP = YES;
				ENABLE_NS_ASSERTIONS = NO;
				GCC_C_LANGUAGE_STANDARD = gnu99;
				GCC_WARN_64_TO_32_BIT_CONVERSION = YES;
				GCC_WARN_ABOUT_RETURN_TYPE = YES_ERROR;
				GCC_WARN_UNDECLARED_SELECTOR = YES;
				GCC_WARN_UNINITIALIZED_AUTOS = YES_AGGRESSIVE;
				GCC_WARN_UNUSED_FUNCTION = YES;
				GCC_WARN_UNUSED_VARIABLE = YES;
				IPHONEOS_DEPLOYMENT_TARGET = 8.0;
				PROVISIONING_PROFILE = "A7F76EDC-202B-41F1-8930-9B28C7AD46DA";
				SDKROOT = iphoneos;
				TARGETED_DEVICE_FAMILY = "1,2";
				VALIDATE_PRODUCT = YES;
				VALID_ARCHS = "armv7 armv7s";
			};
			name = Release;
		};
		8481FC761915273E00D9F0EB /* Debug */ = {
			isa = XCBuildConfiguration;
			buildSettings = {
				ASSETCATALOG_COMPILER_APPICON_NAME = AppIconXO;
				CODE_SIGN_IDENTITY = "iPhone Developer";
				ENABLE_BITCODE = NO;
				FRAMEWORK_SEARCH_PATHS = "$(inherited)";
				GCC_PRECOMPILE_PREFIX_HEADER = YES;
				GCC_PREFIX_HEADER = XO/SupportingFiles/Prefix.pch;
				INFOPLIST_FILE = XO/SupportingFiles/Info.plist;
				IPHONEOS_DEPLOYMENT_TARGET = 8.0;
				LIBRARY_SEARCH_PATHS = "$(inherited)";
				ONLY_ACTIVE_ARCH = YES;
				OTHER_LDFLAGS = "";
				PRECOMPS_INCLUDE_HEADERS_FROM_BUILT_PRODUCTS_DIR = YES;
				PRODUCT_BUNDLE_IDENTIFIER = "com.mobilez365.${PRODUCT_NAME:rfc1034identifier}";
				PRODUCT_NAME = "$(TARGET_NAME)";
				PROVISIONING_PROFILE = "";
				TARGETED_DEVICE_FAMILY = 1;
				VALID_ARCHS = "armv7 armv7s arm64";
				WRAPPER_EXTENSION = app;
			};
			name = Debug;
		};
		8481FC771915273E00D9F0EB /* Release */ = {
			isa = XCBuildConfiguration;
			buildSettings = {
				ASSETCATALOG_COMPILER_APPICON_NAME = AppIconXO;
				CODE_SIGN_IDENTITY = "iPhone Developer";
				ENABLE_BITCODE = NO;
				FRAMEWORK_SEARCH_PATHS = "$(inherited)";
				GCC_PRECOMPILE_PREFIX_HEADER = YES;
				GCC_PREFIX_HEADER = XO/SupportingFiles/Prefix.pch;
				INFOPLIST_FILE = XO/SupportingFiles/Info.plist;
				IPHONEOS_DEPLOYMENT_TARGET = 8.0;
				LIBRARY_SEARCH_PATHS = "$(inherited)";
				ONLY_ACTIVE_ARCH = YES;
				OTHER_LDFLAGS = "";
				PRECOMPS_INCLUDE_HEADERS_FROM_BUILT_PRODUCTS_DIR = YES;
				PRODUCT_BUNDLE_IDENTIFIER = "com.mobilez365.${PRODUCT_NAME:rfc1034identifier}";
				PRODUCT_NAME = "$(TARGET_NAME)";
				PROVISIONING_PROFILE = "";
				TARGETED_DEVICE_FAMILY = 1;
				VALID_ARCHS = "armv7 armv7s arm64";
				WRAPPER_EXTENSION = app;
			};
			name = Release;
		};
/* End XCBuildConfiguration section */

/* Begin XCConfigurationList section */
		8481FC3B1915273E00D9F0EB /* Build configuration list for PBXProject "XO" */ = {
			isa = XCConfigurationList;
			buildConfigurations = (
				8481FC731915273E00D9F0EB /* Debug */,
				8481FC741915273E00D9F0EB /* Release */,
			);
			defaultConfigurationIsVisible = 0;
			defaultConfigurationName = Release;
		};
		8481FC751915273E00D9F0EB /* Build configuration list for PBXNativeTarget "XO" */ = {
			isa = XCConfigurationList;
			buildConfigurations = (
				8481FC761915273E00D9F0EB /* Debug */,
				8481FC771915273E00D9F0EB /* Release */,
			);
			defaultConfigurationIsVisible = 0;
			defaultConfigurationName = Release;
		};
/* End XCConfigurationList section */
	};
	rootObject = 8481FC381915273E00D9F0EB /* Project object */;
}
