// !$*UTF8*$!
{
	archiveVersion = 1;
	classes = {
	};
	objectVersion = 46;
	objects = {

/* Begin PBXBuildFile section */
		7F232CE51920ED35004B208E /* XOAlert.m in Sources */ = {isa = PBXBuildFile; fileRef = 7F232CE41920ED35004B208E /* XOAlert.m */; };
		7F232CE81920ED66004B208E /* AlertView.storyboard in Resources */ = {isa = PBXBuildFile; fileRef = 7F232CE71920ED66004B208E /* AlertView.storyboard */; };
		7F8495A51924AAE90022BC08 /* AdSupport.framework in Frameworks */ = {isa = PBXBuildFile; fileRef = 7F8495A01924AAE90022BC08 /* AdSupport.framework */; };
		7F8495A61924AAE90022BC08 /* CoreTelephony.framework in Frameworks */ = {isa = PBXBuildFile; fileRef = 7F8495A11924AAE90022BC08 /* CoreTelephony.framework */; };
		7F8495A71924AAE90022BC08 /* MessageUI.framework in Frameworks */ = {isa = PBXBuildFile; fileRef = 7F8495A21924AAE90022BC08 /* MessageUI.framework */; };
		7F8495A81924AAE90022BC08 /* StoreKit.framework in Frameworks */ = {isa = PBXBuildFile; fileRef = 7F8495A31924AAE90022BC08 /* StoreKit.framework */; };
		7F8495A91924AAE90022BC08 /* SystemConfiguration.framework in Frameworks */ = {isa = PBXBuildFile; fileRef = 7F8495A41924AAE90022BC08 /* SystemConfiguration.framework */; };
		7F8495D21924AD720022BC08 /* ADVManager.m in Sources */ = {isa = PBXBuildFile; fileRef = 7F8495D11924AD720022BC08 /* ADVManager.m */; };
		7F8495D51924C3970022BC08 /* XONavigationController.m in Sources */ = {isa = PBXBuildFile; fileRef = 7F8495D41924C3970022BC08 /* XONavigationController.m */; };
		7F912D76191F632F00675027 /* XOAI.m in Sources */ = {isa = PBXBuildFile; fileRef = 7F912D75191F632F00675027 /* XOAI.m */; };
		7FE81FB51929FF8400FFAD2F /* libSADView.a in Frameworks */ = {isa = PBXBuildFile; fileRef = 7FE81FB31929FF8400FFAD2F /* libSADView.a */; };
		7FEAECD4191772A70065CC57 /* XOGameFieldFlowLayout.m in Sources */ = {isa = PBXBuildFile; fileRef = 7FEAECD3191772A70065CC57 /* XOGameFieldFlowLayout.m */; };
		7FEAECD7191783FB0065CC57 /* XOCollectionViewCell.m in Sources */ = {isa = PBXBuildFile; fileRef = 7FEAECD6191783FB0065CC57 /* XOCollectionViewCell.m */; };
		7FEAECDA1917ADF80065CC57 /* XOGameViewController.m in Sources */ = {isa = PBXBuildFile; fileRef = 7FEAECD91917ADF80065CC57 /* XOGameViewController.m */; };
		7FEAED2D1917D84E0065CC57 /* Images.xcassets in Resources */ = {isa = PBXBuildFile; fileRef = 7FEAED2C1917D84E0065CC57 /* Images.xcassets */; };
		7FF34694192253B500E4AEE1 /* Localizable.strings in Resources */ = {isa = PBXBuildFile; fileRef = 7FF34696192253B500E4AEE1 /* Localizable.strings */; };
		7FF3469D19225B2C00E4AEE1 /* iPhone.storyboard in Resources */ = {isa = PBXBuildFile; fileRef = 7FF3469F19225B2C00E4AEE1 /* iPhone.storyboard */; };
		7FF346B1192266C800E4AEE1 /* XOStartSequeAnimation.m in Sources */ = {isa = PBXBuildFile; fileRef = 7FF346B0192266C800E4AEE1 /* XOStartSequeAnimation.m */; };
		7FF346BA1923503500E4AEE1 /* MGCicleProgress.m in Sources */ = {isa = PBXBuildFile; fileRef = 7FF346B91923503500E4AEE1 /* MGCicleProgress.m */; };
		7FF346BD19236A5800E4AEE1 /* XOAlertView.m in Sources */ = {isa = PBXBuildFile; fileRef = 7FF346BC19236A5800E4AEE1 /* XOAlertView.m */; };
		7FF346C5192383EB00E4AEE1 /* sound_win.mp3 in Resources */ = {isa = PBXBuildFile; fileRef = 7FF346C4192383EB00E4AEE1 /* sound_win.mp3 */; };
		7FF346CA19239AFF00E4AEE1 /* sound_lose.mp3 in Resources */ = {isa = PBXBuildFile; fileRef = 7FF346C919239AFF00E4AEE1 /* sound_lose.mp3 */; };
		7FF347EF1923C39300E4AEE1 /* ADVContainer.m in Sources */ = {isa = PBXBuildFile; fileRef = 7FF347EE1923C39300E4AEE1 /* ADVContainer.m */; };
		7FF96EA3191A4B5C00EDB431 /* music.mp3 in Resources */ = {isa = PBXBuildFile; fileRef = 7FF96EA2191A4B5C00EDB431 /* music.mp3 */; };
		7FF96EA6191BF9A200EDB431 /* XOObjectiveMatrix.m in Sources */ = {isa = PBXBuildFile; fileRef = 7FF96EA5191BF9A200EDB431 /* XOObjectiveMatrix.m */; };
		84742D8119197CF3007B868E /* XOGameModel.m in Sources */ = {isa = PBXBuildFile; fileRef = 84742D8019197CF3007B868E /* XOGameModel.m */; };
		8481FC441915273E00D9F0EB /* Foundation.framework in Frameworks */ = {isa = PBXBuildFile; fileRef = 8481FC431915273E00D9F0EB /* Foundation.framework */; };
		8481FC461915273E00D9F0EB /* CoreGraphics.framework in Frameworks */ = {isa = PBXBuildFile; fileRef = 8481FC451915273E00D9F0EB /* CoreGraphics.framework */; };
		8481FC481915273E00D9F0EB /* UIKit.framework in Frameworks */ = {isa = PBXBuildFile; fileRef = 8481FC471915273E00D9F0EB /* UIKit.framework */; };
		8481FC4E1915273E00D9F0EB /* InfoPlist.strings in Resources */ = {isa = PBXBuildFile; fileRef = 8481FC4C1915273E00D9F0EB /* InfoPlist.strings */; };
		8481FC501915273E00D9F0EB /* main.m in Sources */ = {isa = PBXBuildFile; fileRef = 8481FC4F1915273E00D9F0EB /* main.m */; };
		8481FC541915273E00D9F0EB /* XOAppDelegate.m in Sources */ = {isa = PBXBuildFile; fileRef = 8481FC531915273E00D9F0EB /* XOAppDelegate.m */; };
		8481FC5A1915273E00D9F0EB /* Main_iPad.storyboard in Resources */ = {isa = PBXBuildFile; fileRef = 8481FC581915273E00D9F0EB /* Main_iPad.storyboard */; };
		8481FC661915273E00D9F0EB /* XCTest.framework in Frameworks */ = {isa = PBXBuildFile; fileRef = 8481FC651915273E00D9F0EB /* XCTest.framework */; };
		8481FC671915273E00D9F0EB /* Foundation.framework in Frameworks */ = {isa = PBXBuildFile; fileRef = 8481FC431915273E00D9F0EB /* Foundation.framework */; };
		8481FC681915273E00D9F0EB /* UIKit.framework in Frameworks */ = {isa = PBXBuildFile; fileRef = 8481FC471915273E00D9F0EB /* UIKit.framework */; };
		8481FC701915273E00D9F0EB /* InfoPlist.strings in Resources */ = {isa = PBXBuildFile; fileRef = 8481FC6E1915273E00D9F0EB /* InfoPlist.strings */; };
		8481FC721915273E00D9F0EB /* XOTests.m in Sources */ = {isa = PBXBuildFile; fileRef = 8481FC711915273E00D9F0EB /* XOTests.m */; };
		8481FC9319152A2D00D9F0EB /* MPManager.m in Sources */ = {isa = PBXBuildFile; fileRef = 8481FC7F19152A2D00D9F0EB /* MPManager.m */; };
		8481FC9419152A2D00D9F0EB /* XOOnlineLobbyViewController.m in Sources */ = {isa = PBXBuildFile; fileRef = 8481FC8419152A2D00D9F0EB /* XOOnlineLobbyViewController.m */; };
		8481FC9519152A2D00D9F0EB /* XOSettingsViewController.m in Sources */ = {isa = PBXBuildFile; fileRef = 8481FC8719152A2D00D9F0EB /* XOSettingsViewController.m */; };
		8481FC9619152A2D00D9F0EB /* XOStartViewController.m in Sources */ = {isa = PBXBuildFile; fileRef = 8481FC8A19152A2D00D9F0EB /* XOStartViewController.m */; };
		8481FC9719152A2D00D9F0EB /* GameField.storyboard in Resources */ = {isa = PBXBuildFile; fileRef = 8481FC8C19152A2D00D9F0EB /* GameField.storyboard */; };
		8481FC9919152A2D00D9F0EB /* XOGameFieldViewController.m in Sources */ = {isa = PBXBuildFile; fileRef = 8481FC9019152A2D00D9F0EB /* XOGameFieldViewController.m */; };
		8481FCA1191661A000D9F0EB /* GameManager.m in Sources */ = {isa = PBXBuildFile; fileRef = 8481FCA0191661A000D9F0EB /* GameManager.m */; };
		84AAC882191AAA92001C0B94 /* sound_click.mp3 in Resources */ = {isa = PBXBuildFile; fileRef = 84AAC87D191AAA92001C0B94 /* sound_click.mp3 */; };
		84AAC883191AAA92001C0B94 /* sound_goes_o.mp3 in Resources */ = {isa = PBXBuildFile; fileRef = 84AAC87E191AAA92001C0B94 /* sound_goes_o.mp3 */; };
		84AAC884191AAA92001C0B94 /* sound_goes_x.mp3 in Resources */ = {isa = PBXBuildFile; fileRef = 84AAC87F191AAA92001C0B94 /* sound_goes_x.mp3 */; };
		84AAC889191AAB0E001C0B94 /* SoundManager.m in Sources */ = {isa = PBXBuildFile; fileRef = 84AAC888191AAB0E001C0B94 /* SoundManager.m */; };
		84AAC88D191D2120001C0B94 /* XOProgress.m in Sources */ = {isa = PBXBuildFile; fileRef = 84AAC88C191D2120001C0B94 /* XOProgress.m */; };
		84AAC89019220AD4001C0B94 /* AboutViewController.m in Sources */ = {isa = PBXBuildFile; fileRef = 84AAC88F19220AD4001C0B94 /* AboutViewController.m */; };
		84AD02D31925E9DB0036B05F /* libsqlite3.0.dylib in Frameworks */ = {isa = PBXBuildFile; fileRef = 84AD02D21925E9DB0036B05F /* libsqlite3.0.dylib */; };
		84AD034B1925EBC30036B05F /* libGoogleAdMobAds.a in Frameworks */ = {isa = PBXBuildFile; fileRef = 7F8495CE1924AD670022BC08 /* libGoogleAdMobAds.a */; };
		84AD034F1925ECD00036B05F /* libz.dylib in Frameworks */ = {isa = PBXBuildFile; fileRef = 84AD034E1925ECD00036B05F /* libz.dylib */; };
		84AD03511925ED4D0036B05F /* CoreData.framework in Frameworks */ = {isa = PBXBuildFile; fileRef = 84AD03501925ED4D0036B05F /* CoreData.framework */; };
		84AD03571925F12A0036B05F /* libGoogleAnalyticsServices.a in Frameworks */ = {isa = PBXBuildFile; fileRef = 84AD03561925F12A0036B05F /* libGoogleAnalyticsServices.a */; };
		84C551CB19265A3300045D75 /* QuartzCore.framework in Frameworks */ = {isa = PBXBuildFile; fileRef = 84AD03541925F0260036B05F /* QuartzCore.framework */; };
		84D667711917882A000DA569 /* AVFoundation.framework in Frameworks */ = {isa = PBXBuildFile; fileRef = 84D667701917882A000DA569 /* AVFoundation.framework */; };
		84D6677319178838000DA569 /* AudioToolbox.framework in Frameworks */ = {isa = PBXBuildFile; fileRef = 84D6677219178838000DA569 /* AudioToolbox.framework */; };
		ECA7567A6C5147DCB14F53DC /* libPods.a in Frameworks */ = {isa = PBXBuildFile; fileRef = DE32FFD0F7604EB6BEFAF60C /* libPods.a */; };
/* End PBXBuildFile section */

/* Begin PBXContainerItemProxy section */
		8481FC691915273E00D9F0EB /* PBXContainerItemProxy */ = {
			isa = PBXContainerItemProxy;
			containerPortal = 8481FC381915273E00D9F0EB /* Project object */;
			proxyType = 1;
			remoteGlobalIDString = 8481FC3F1915273E00D9F0EB;
			remoteInfo = XO;
		};
/* End PBXContainerItemProxy section */

/* Begin PBXFileReference section */
		13E03152E7E4493380648031 /* Pods.xcconfig */ = {isa = PBXFileReference; includeInIndex = 1; lastKnownFileType = text.xcconfig; name = Pods.xcconfig; path = Pods/Pods.xcconfig; sourceTree = "<group>"; };
		7F232CE31920ED35004B208E /* XOAlert.h */ = {isa = PBXFileReference; fileEncoding = 4; lastKnownFileType = sourcecode.c.h; name = XOAlert.h; path = AlertViewController/XOAlert.h; sourceTree = "<group>"; };
		7F232CE41920ED35004B208E /* XOAlert.m */ = {isa = PBXFileReference; fileEncoding = 4; lastKnownFileType = sourcecode.c.objc; name = XOAlert.m; path = AlertViewController/XOAlert.m; sourceTree = "<group>"; };
		7F232CE71920ED66004B208E /* AlertView.storyboard */ = {isa = PBXFileReference; fileEncoding = 4; lastKnownFileType = file.storyboard; path = AlertView.storyboard; sourceTree = "<group>"; };
		7F8495A01924AAE90022BC08 /* AdSupport.framework */ = {isa = PBXFileReference; lastKnownFileType = wrapper.framework; name = AdSupport.framework; path = System/Library/Frameworks/AdSupport.framework; sourceTree = SDKROOT; };
		7F8495A11924AAE90022BC08 /* CoreTelephony.framework */ = {isa = PBXFileReference; lastKnownFileType = wrapper.framework; name = CoreTelephony.framework; path = System/Library/Frameworks/CoreTelephony.framework; sourceTree = SDKROOT; };
		7F8495A21924AAE90022BC08 /* MessageUI.framework */ = {isa = PBXFileReference; lastKnownFileType = wrapper.framework; name = MessageUI.framework; path = System/Library/Frameworks/MessageUI.framework; sourceTree = SDKROOT; };
		7F8495A31924AAE90022BC08 /* StoreKit.framework */ = {isa = PBXFileReference; lastKnownFileType = wrapper.framework; name = StoreKit.framework; path = System/Library/Frameworks/StoreKit.framework; sourceTree = SDKROOT; };
		7F8495A41924AAE90022BC08 /* SystemConfiguration.framework */ = {isa = PBXFileReference; lastKnownFileType = wrapper.framework; name = SystemConfiguration.framework; path = System/Library/Frameworks/SystemConfiguration.framework; sourceTree = SDKROOT; };
		7F8495BE1924AD670022BC08 /* DFPBannerView.h */ = {isa = PBXFileReference; fileEncoding = 4; lastKnownFileType = sourcecode.c.h; name = DFPBannerView.h; path = GoogleAdMob/DFPBannerView.h; sourceTree = "<group>"; };
		7F8495BF1924AD670022BC08 /* DFPExtras.h */ = {isa = PBXFileReference; fileEncoding = 4; lastKnownFileType = sourcecode.c.h; name = DFPExtras.h; path = GoogleAdMob/DFPExtras.h; sourceTree = "<group>"; };
		7F8495C01924AD670022BC08 /* DFPInterstitial.h */ = {isa = PBXFileReference; fileEncoding = 4; lastKnownFileType = sourcecode.c.h; name = DFPInterstitial.h; path = GoogleAdMob/DFPInterstitial.h; sourceTree = "<group>"; };
		7F8495C11924AD670022BC08 /* DFPSwipeableBannerView.h */ = {isa = PBXFileReference; fileEncoding = 4; lastKnownFileType = sourcecode.c.h; name = DFPSwipeableBannerView.h; path = GoogleAdMob/DFPSwipeableBannerView.h; sourceTree = "<group>"; };
		7F8495C21924AD670022BC08 /* GADAdMobExtras.h */ = {isa = PBXFileReference; fileEncoding = 4; lastKnownFileType = sourcecode.c.h; name = GADAdMobExtras.h; path = GoogleAdMob/GADAdMobExtras.h; sourceTree = "<group>"; };
		7F8495C31924AD670022BC08 /* GADAdNetworkExtras.h */ = {isa = PBXFileReference; fileEncoding = 4; lastKnownFileType = sourcecode.c.h; name = GADAdNetworkExtras.h; path = GoogleAdMob/GADAdNetworkExtras.h; sourceTree = "<group>"; };
		7F8495C41924AD670022BC08 /* GADAdSize.h */ = {isa = PBXFileReference; fileEncoding = 4; lastKnownFileType = sourcecode.c.h; name = GADAdSize.h; path = GoogleAdMob/GADAdSize.h; sourceTree = "<group>"; };
		7F8495C51924AD670022BC08 /* GADAdSizeDelegate.h */ = {isa = PBXFileReference; fileEncoding = 4; lastKnownFileType = sourcecode.c.h; name = GADAdSizeDelegate.h; path = GoogleAdMob/GADAdSizeDelegate.h; sourceTree = "<group>"; };
		7F8495C61924AD670022BC08 /* GADAppEventDelegate.h */ = {isa = PBXFileReference; fileEncoding = 4; lastKnownFileType = sourcecode.c.h; name = GADAppEventDelegate.h; path = GoogleAdMob/GADAppEventDelegate.h; sourceTree = "<group>"; };
		7F8495C71924AD670022BC08 /* GADBannerView.h */ = {isa = PBXFileReference; fileEncoding = 4; lastKnownFileType = sourcecode.c.h; name = GADBannerView.h; path = GoogleAdMob/GADBannerView.h; sourceTree = "<group>"; };
		7F8495C81924AD670022BC08 /* GADBannerViewDelegate.h */ = {isa = PBXFileReference; fileEncoding = 4; lastKnownFileType = sourcecode.c.h; name = GADBannerViewDelegate.h; path = GoogleAdMob/GADBannerViewDelegate.h; sourceTree = "<group>"; };
		7F8495C91924AD670022BC08 /* GADInterstitial.h */ = {isa = PBXFileReference; fileEncoding = 4; lastKnownFileType = sourcecode.c.h; name = GADInterstitial.h; path = GoogleAdMob/GADInterstitial.h; sourceTree = "<group>"; };
		7F8495CA1924AD670022BC08 /* GADInterstitialDelegate.h */ = {isa = PBXFileReference; fileEncoding = 4; lastKnownFileType = sourcecode.c.h; name = GADInterstitialDelegate.h; path = GoogleAdMob/GADInterstitialDelegate.h; sourceTree = "<group>"; };
		7F8495CB1924AD670022BC08 /* GADRequest.h */ = {isa = PBXFileReference; fileEncoding = 4; lastKnownFileType = sourcecode.c.h; name = GADRequest.h; path = GoogleAdMob/GADRequest.h; sourceTree = "<group>"; };
		7F8495CC1924AD670022BC08 /* GADRequestError.h */ = {isa = PBXFileReference; fileEncoding = 4; lastKnownFileType = sourcecode.c.h; name = GADRequestError.h; path = GoogleAdMob/GADRequestError.h; sourceTree = "<group>"; };
		7F8495CD1924AD670022BC08 /* GADSwipeableBannerViewDelegate.h */ = {isa = PBXFileReference; fileEncoding = 4; lastKnownFileType = sourcecode.c.h; name = GADSwipeableBannerViewDelegate.h; path = GoogleAdMob/GADSwipeableBannerViewDelegate.h; sourceTree = "<group>"; };
		7F8495CE1924AD670022BC08 /* libGoogleAdMobAds.a */ = {isa = PBXFileReference; lastKnownFileType = archive.ar; name = libGoogleAdMobAds.a; path = GoogleAdMob/libGoogleAdMobAds.a; sourceTree = "<group>"; };
		7F8495D01924AD720022BC08 /* ADVManager.h */ = {isa = PBXFileReference; fileEncoding = 4; lastKnownFileType = sourcecode.c.h; path = ADVManager.h; sourceTree = "<group>"; };
		7F8495D11924AD720022BC08 /* ADVManager.m */ = {isa = PBXFileReference; fileEncoding = 4; lastKnownFileType = sourcecode.c.objc; path = ADVManager.m; sourceTree = "<group>"; };
		7F8495D31924C3970022BC08 /* XONavigationController.h */ = {isa = PBXFileReference; fileEncoding = 4; lastKnownFileType = sourcecode.c.h; name = XONavigationController.h; path = "Navigation Controller/XONavigationController.h"; sourceTree = "<group>"; };
		7F8495D41924C3970022BC08 /* XONavigationController.m */ = {isa = PBXFileReference; fileEncoding = 4; lastKnownFileType = sourcecode.c.objc; name = XONavigationController.m; path = "Navigation Controller/XONavigationController.m"; sourceTree = "<group>"; };
		7F912D74191F632F00675027 /* XOAI.h */ = {isa = PBXFileReference; fileEncoding = 4; lastKnownFileType = sourcecode.c.h; name = XOAI.h; path = AI/XOAI.h; sourceTree = "<group>"; };
		7F912D75191F632F00675027 /* XOAI.m */ = {isa = PBXFileReference; fileEncoding = 4; lastKnownFileType = sourcecode.c.objc; name = XOAI.m; path = AI/XOAI.m; sourceTree = "<group>"; };
		7FE81FB31929FF8400FFAD2F /* libSADView.a */ = {isa = PBXFileReference; lastKnownFileType = archive.ar; name = libSADView.a; path = libs/libSADView.a; sourceTree = "<group>"; };
		7FE81FB41929FF8400FFAD2F /* SADWebView.h */ = {isa = PBXFileReference; fileEncoding = 4; lastKnownFileType = sourcecode.c.h; name = SADWebView.h; path = libs/SADWebView.h; sourceTree = "<group>"; };
		7FEAECD2191772A70065CC57 /* XOGameFieldFlowLayout.h */ = {isa = PBXFileReference; fileEncoding = 4; lastKnownFileType = sourcecode.c.h; path = XOGameFieldFlowLayout.h; sourceTree = "<group>"; };
		7FEAECD3191772A70065CC57 /* XOGameFieldFlowLayout.m */ = {isa = PBXFileReference; fileEncoding = 4; lastKnownFileType = sourcecode.c.objc; path = XOGameFieldFlowLayout.m; sourceTree = "<group>"; };
		7FEAECD5191783FB0065CC57 /* XOCollectionViewCell.h */ = {isa = PBXFileReference; fileEncoding = 4; lastKnownFileType = sourcecode.c.h; path = XOCollectionViewCell.h; sourceTree = "<group>"; };
		7FEAECD6191783FB0065CC57 /* XOCollectionViewCell.m */ = {isa = PBXFileReference; fileEncoding = 4; lastKnownFileType = sourcecode.c.objc; path = XOCollectionViewCell.m; sourceTree = "<group>"; };
		7FEAECD81917ADF80065CC57 /* XOGameViewController.h */ = {isa = PBXFileReference; fileEncoding = 4; lastKnownFileType = sourcecode.c.h; path = XOGameViewController.h; sourceTree = "<group>"; };
		7FEAECD91917ADF80065CC57 /* XOGameViewController.m */ = {isa = PBXFileReference; fileEncoding = 4; lastKnownFileType = sourcecode.c.objc; path = XOGameViewController.m; sourceTree = "<group>"; };
		7FEAED2C1917D84E0065CC57 /* Images.xcassets */ = {isa = PBXFileReference; lastKnownFileType = folder.assetcatalog; path = Images.xcassets; sourceTree = "<group>"; };
		7FF34695192253B500E4AEE1 /* Base */ = {isa = PBXFileReference; lastKnownFileType = text.plist.strings; name = Base; path = Base.lproj/Localizable.strings; sourceTree = "<group>"; };
		7FF3469E19225B2C00E4AEE1 /* Base */ = {isa = PBXFileReference; lastKnownFileType = file.storyboard; name = Base; path = Base.lproj/iPhone.storyboard; sourceTree = "<group>"; };
		7FF346A419225B7100E4AEE1 /* uk */ = {isa = PBXFileReference; lastKnownFileType = text.plist.strings; name = uk; path = uk.lproj/Localizable.strings; sourceTree = "<group>"; };
		7FF346AF192266C800E4AEE1 /* XOStartSequeAnimation.h */ = {isa = PBXFileReference; fileEncoding = 4; lastKnownFileType = sourcecode.c.h; name = XOStartSequeAnimation.h; path = Animations/XOStartSequeAnimation.h; sourceTree = "<group>"; };
		7FF346B0192266C800E4AEE1 /* XOStartSequeAnimation.m */ = {isa = PBXFileReference; fileEncoding = 4; lastKnownFileType = sourcecode.c.objc; name = XOStartSequeAnimation.m; path = Animations/XOStartSequeAnimation.m; sourceTree = "<group>"; };
		7FF346B81923503500E4AEE1 /* MGCicleProgress.h */ = {isa = PBXFileReference; fileEncoding = 4; lastKnownFileType = sourcecode.c.h; path = MGCicleProgress.h; sourceTree = "<group>"; };
		7FF346B91923503500E4AEE1 /* MGCicleProgress.m */ = {isa = PBXFileReference; fileEncoding = 4; lastKnownFileType = sourcecode.c.objc; path = MGCicleProgress.m; sourceTree = "<group>"; };
		7FF346BB19236A5800E4AEE1 /* XOAlertView.h */ = {isa = PBXFileReference; fileEncoding = 4; lastKnownFileType = sourcecode.c.h; name = XOAlertView.h; path = AlertViewController/XOAlertView.h; sourceTree = "<group>"; };
		7FF346BC19236A5800E4AEE1 /* XOAlertView.m */ = {isa = PBXFileReference; fileEncoding = 4; lastKnownFileType = sourcecode.c.objc; name = XOAlertView.m; path = AlertViewController/XOAlertView.m; sourceTree = "<group>"; };
		7FF346C219237FAA00E4AEE1 /* ru */ = {isa = PBXFileReference; lastKnownFileType = text.plist.strings; name = ru; path = ru.lproj/Localizable.strings; sourceTree = "<group>"; };
		7FF346C4192383EB00E4AEE1 /* sound_win.mp3 */ = {isa = PBXFileReference; lastKnownFileType = audio.mp3; path = sound_win.mp3; sourceTree = "<group>"; };
		7FF346C919239AFF00E4AEE1 /* sound_lose.mp3 */ = {isa = PBXFileReference; lastKnownFileType = audio.mp3; path = sound_lose.mp3; sourceTree = "<group>"; };
		7FF347ED1923C39300E4AEE1 /* ADVContainer.h */ = {isa = PBXFileReference; fileEncoding = 4; lastKnownFileType = sourcecode.c.h; name = ADVContainer.h; path = "ADV View/ADVContainer.h"; sourceTree = "<group>"; };
		7FF347EE1923C39300E4AEE1 /* ADVContainer.m */ = {isa = PBXFileReference; fileEncoding = 4; lastKnownFileType = sourcecode.c.objc; name = ADVContainer.m; path = "ADV View/ADVContainer.m"; sourceTree = "<group>"; };
		7FF96EA2191A4B5C00EDB431 /* music.mp3 */ = {isa = PBXFileReference; lastKnownFileType = audio.mp3; path = music.mp3; sourceTree = "<group>"; };
		7FF96EA4191BF9A200EDB431 /* XOObjectiveMatrix.h */ = {isa = PBXFileReference; fileEncoding = 4; lastKnownFileType = sourcecode.c.h; path = XOObjectiveMatrix.h; sourceTree = "<group>"; };
		7FF96EA5191BF9A200EDB431 /* XOObjectiveMatrix.m */ = {isa = PBXFileReference; fileEncoding = 4; lastKnownFileType = sourcecode.c.objc; path = XOObjectiveMatrix.m; sourceTree = "<group>"; };
		8454BD27192A05B4008906E0 /* uk */ = {isa = PBXFileReference; lastKnownFileType = text.plist.strings; name = uk; path = uk.lproj/iPhone.strings; sourceTree = "<group>"; };
		8454BD28192A05B6008906E0 /* ru */ = {isa = PBXFileReference; lastKnownFileType = text.plist.strings; name = ru; path = ru.lproj/iPhone.strings; sourceTree = "<group>"; };
		8454BD2B192A05BE008906E0 /* en */ = {isa = PBXFileReference; lastKnownFileType = text.plist.strings; name = en; path = en.lproj/iPhone.strings; sourceTree = "<group>"; };
		8454BD2C192A05C0008906E0 /* fr */ = {isa = PBXFileReference; lastKnownFileType = text.plist.strings; name = fr; path = fr.lproj/iPhone.strings; sourceTree = "<group>"; };
		8454BD2D192A05C1008906E0 /* de */ = {isa = PBXFileReference; lastKnownFileType = text.plist.strings; name = de; path = de.lproj/iPhone.strings; sourceTree = "<group>"; };
		8454BD2E192A05C3008906E0 /* es */ = {isa = PBXFileReference; lastKnownFileType = text.plist.strings; name = es; path = es.lproj/iPhone.strings; sourceTree = "<group>"; };
		84742D7F19197CF3007B868E /* XOGameModel.h */ = {isa = PBXFileReference; fileEncoding = 4; lastKnownFileType = sourcecode.c.h; path = XOGameModel.h; sourceTree = "<group>"; };
		84742D8019197CF3007B868E /* XOGameModel.m */ = {isa = PBXFileReference; fileEncoding = 4; lastKnownFileType = sourcecode.c.objc; path = XOGameModel.m; sourceTree = "<group>"; };
		8481FC401915273E00D9F0EB /* XO.app */ = {isa = PBXFileReference; explicitFileType = wrapper.application; includeInIndex = 0; path = XO.app; sourceTree = BUILT_PRODUCTS_DIR; };
		8481FC431915273E00D9F0EB /* Foundation.framework */ = {isa = PBXFileReference; lastKnownFileType = wrapper.framework; name = Foundation.framework; path = System/Library/Frameworks/Foundation.framework; sourceTree = SDKROOT; };
		8481FC451915273E00D9F0EB /* CoreGraphics.framework */ = {isa = PBXFileReference; lastKnownFileType = wrapper.framework; name = CoreGraphics.framework; path = System/Library/Frameworks/CoreGraphics.framework; sourceTree = SDKROOT; };
		8481FC471915273E00D9F0EB /* UIKit.framework */ = {isa = PBXFileReference; lastKnownFileType = wrapper.framework; name = UIKit.framework; path = System/Library/Frameworks/UIKit.framework; sourceTree = SDKROOT; };
		8481FC4B1915273E00D9F0EB /* XO-Info.plist */ = {isa = PBXFileReference; lastKnownFileType = text.plist.xml; path = "XO-Info.plist"; sourceTree = "<group>"; };
		8481FC4D1915273E00D9F0EB /* en */ = {isa = PBXFileReference; lastKnownFileType = text.plist.strings; name = en; path = en.lproj/InfoPlist.strings; sourceTree = "<group>"; };
		8481FC4F1915273E00D9F0EB /* main.m */ = {isa = PBXFileReference; lastKnownFileType = sourcecode.c.objc; path = main.m; sourceTree = "<group>"; };
		8481FC511915273E00D9F0EB /* XO-Prefix.pch */ = {isa = PBXFileReference; lastKnownFileType = sourcecode.c.h; path = "XO-Prefix.pch"; sourceTree = "<group>"; };
		8481FC521915273E00D9F0EB /* XOAppDelegate.h */ = {isa = PBXFileReference; lastKnownFileType = sourcecode.c.h; path = XOAppDelegate.h; sourceTree = "<group>"; };
		8481FC531915273E00D9F0EB /* XOAppDelegate.m */ = {isa = PBXFileReference; lastKnownFileType = sourcecode.c.objc; path = XOAppDelegate.m; sourceTree = "<group>"; };
		8481FC591915273E00D9F0EB /* Base */ = {isa = PBXFileReference; lastKnownFileType = file.storyboard; name = Base; path = Base.lproj/Main_iPad.storyboard; sourceTree = "<group>"; };
		8481FC641915273E00D9F0EB /* XOTests.xctest */ = {isa = PBXFileReference; explicitFileType = wrapper.cfbundle; includeInIndex = 0; path = XOTests.xctest; sourceTree = BUILT_PRODUCTS_DIR; };
		8481FC651915273E00D9F0EB /* XCTest.framework */ = {isa = PBXFileReference; lastKnownFileType = wrapper.framework; name = XCTest.framework; path = Library/Frameworks/XCTest.framework; sourceTree = DEVELOPER_DIR; };
		8481FC6D1915273E00D9F0EB /* XOTests-Info.plist */ = {isa = PBXFileReference; lastKnownFileType = text.plist.xml; path = "XOTests-Info.plist"; sourceTree = "<group>"; };
		8481FC6F1915273E00D9F0EB /* en */ = {isa = PBXFileReference; lastKnownFileType = text.plist.strings; name = en; path = en.lproj/InfoPlist.strings; sourceTree = "<group>"; };
		8481FC711915273E00D9F0EB /* XOTests.m */ = {isa = PBXFileReference; lastKnownFileType = sourcecode.c.objc; path = XOTests.m; sourceTree = "<group>"; };
		8481FC7E19152A2D00D9F0EB /* MPManager.h */ = {isa = PBXFileReference; fileEncoding = 4; lastKnownFileType = sourcecode.c.h; path = MPManager.h; sourceTree = "<group>"; };
		8481FC7F19152A2D00D9F0EB /* MPManager.m */ = {isa = PBXFileReference; fileEncoding = 4; lastKnownFileType = sourcecode.c.objc; path = MPManager.m; sourceTree = "<group>"; };
		8481FC8319152A2D00D9F0EB /* XOOnlineLobbyViewController.h */ = {isa = PBXFileReference; fileEncoding = 4; lastKnownFileType = sourcecode.c.h; path = XOOnlineLobbyViewController.h; sourceTree = "<group>"; };
		8481FC8419152A2D00D9F0EB /* XOOnlineLobbyViewController.m */ = {isa = PBXFileReference; fileEncoding = 4; lastKnownFileType = sourcecode.c.objc; path = XOOnlineLobbyViewController.m; sourceTree = "<group>"; };
		8481FC8619152A2D00D9F0EB /* XOSettingsViewController.h */ = {isa = PBXFileReference; fileEncoding = 4; lastKnownFileType = sourcecode.c.h; path = XOSettingsViewController.h; sourceTree = "<group>"; };
		8481FC8719152A2D00D9F0EB /* XOSettingsViewController.m */ = {isa = PBXFileReference; fileEncoding = 4; lastKnownFileType = sourcecode.c.objc; path = XOSettingsViewController.m; sourceTree = "<group>"; };
		8481FC8919152A2D00D9F0EB /* XOStartViewController.h */ = {isa = PBXFileReference; fileEncoding = 4; lastKnownFileType = sourcecode.c.h; path = XOStartViewController.h; sourceTree = "<group>"; };
		8481FC8A19152A2D00D9F0EB /* XOStartViewController.m */ = {isa = PBXFileReference; fileEncoding = 4; lastKnownFileType = sourcecode.c.objc; path = XOStartViewController.m; sourceTree = "<group>"; };
		8481FC8C19152A2D00D9F0EB /* GameField.storyboard */ = {isa = PBXFileReference; fileEncoding = 4; lastKnownFileType = file.storyboard; path = GameField.storyboard; sourceTree = "<group>"; };
		8481FC8F19152A2D00D9F0EB /* XOGameFieldViewController.h */ = {isa = PBXFileReference; fileEncoding = 4; lastKnownFileType = sourcecode.c.h; name = XOGameFieldViewController.h; path = ../XOGameFieldViewController.h; sourceTree = "<group>"; };
		8481FC9019152A2D00D9F0EB /* XOGameFieldViewController.m */ = {isa = PBXFileReference; fileEncoding = 4; lastKnownFileType = sourcecode.c.objc; name = XOGameFieldViewController.m; path = ../XOGameFieldViewController.m; sourceTree = "<group>"; };
		8481FC9F191661A000D9F0EB /* GameManager.h */ = {isa = PBXFileReference; fileEncoding = 4; lastKnownFileType = sourcecode.c.h; path = GameManager.h; sourceTree = "<group>"; };
		8481FCA0191661A000D9F0EB /* GameManager.m */ = {isa = PBXFileReference; fileEncoding = 4; lastKnownFileType = sourcecode.c.objc; path = GameManager.m; sourceTree = "<group>"; };
		8481FCA5191664D000D9F0EB /* Constants.h */ = {isa = PBXFileReference; lastKnownFileType = sourcecode.c.h; path = Constants.h; sourceTree = "<group>"; };
		84A1A393192618E500184D18 /* fr */ = {isa = PBXFileReference; lastKnownFileType = text.plist.strings; name = fr; path = fr.lproj/Main_iPad.strings; sourceTree = "<group>"; };
		84A1A394192618E500184D18 /* fr */ = {isa = PBXFileReference; lastKnownFileType = text.plist.strings; name = fr; path = fr.lproj/Localizable.strings; sourceTree = "<group>"; };
		84A1A395192618E500184D18 /* fr */ = {isa = PBXFileReference; lastKnownFileType = text.plist.strings; name = fr; path = fr.lproj/InfoPlist.strings; sourceTree = "<group>"; };
		84A1A396192618E600184D18 /* fr */ = {isa = PBXFileReference; lastKnownFileType = text.plist.strings; name = fr; path = fr.lproj/InfoPlist.strings; sourceTree = "<group>"; };
		84A1A398192618EB00184D18 /* de */ = {isa = PBXFileReference; lastKnownFileType = text.plist.strings; name = de; path = de.lproj/Main_iPad.strings; sourceTree = "<group>"; };
		84A1A399192618EB00184D18 /* de */ = {isa = PBXFileReference; lastKnownFileType = text.plist.strings; name = de; path = de.lproj/Localizable.strings; sourceTree = "<group>"; };
		84A1A39A192618EB00184D18 /* de */ = {isa = PBXFileReference; lastKnownFileType = text.plist.strings; name = de; path = de.lproj/InfoPlist.strings; sourceTree = "<group>"; };
		84A1A39B192618EB00184D18 /* de */ = {isa = PBXFileReference; lastKnownFileType = text.plist.strings; name = de; path = de.lproj/InfoPlist.strings; sourceTree = "<group>"; };
		84A1A39D192618F000184D18 /* es */ = {isa = PBXFileReference; lastKnownFileType = text.plist.strings; name = es; path = es.lproj/Main_iPad.strings; sourceTree = "<group>"; };
		84A1A39E192618F000184D18 /* es */ = {isa = PBXFileReference; lastKnownFileType = text.plist.strings; name = es; path = es.lproj/Localizable.strings; sourceTree = "<group>"; };
		84A1A39F192618F000184D18 /* es */ = {isa = PBXFileReference; lastKnownFileType = text.plist.strings; name = es; path = es.lproj/InfoPlist.strings; sourceTree = "<group>"; };
		84A1A3A0192618F000184D18 /* es */ = {isa = PBXFileReference; lastKnownFileType = text.plist.strings; name = es; path = es.lproj/InfoPlist.strings; sourceTree = "<group>"; };
		84AAC87D191AAA92001C0B94 /* sound_click.mp3 */ = {isa = PBXFileReference; lastKnownFileType = audio.mp3; path = sound_click.mp3; sourceTree = "<group>"; };
		84AAC87E191AAA92001C0B94 /* sound_goes_o.mp3 */ = {isa = PBXFileReference; lastKnownFileType = audio.mp3; path = sound_goes_o.mp3; sourceTree = "<group>"; };
		84AAC87F191AAA92001C0B94 /* sound_goes_x.mp3 */ = {isa = PBXFileReference; lastKnownFileType = audio.mp3; path = sound_goes_x.mp3; sourceTree = "<group>"; };
		84AAC887191AAB0E001C0B94 /* SoundManager.h */ = {isa = PBXFileReference; fileEncoding = 4; lastKnownFileType = sourcecode.c.h; path = SoundManager.h; sourceTree = "<group>"; };
		84AAC888191AAB0E001C0B94 /* SoundManager.m */ = {isa = PBXFileReference; fileEncoding = 4; lastKnownFileType = sourcecode.c.objc; path = SoundManager.m; sourceTree = "<group>"; };
		84AAC88B191D2120001C0B94 /* XOProgress.h */ = {isa = PBXFileReference; fileEncoding = 4; lastKnownFileType = sourcecode.c.h; path = XOProgress.h; sourceTree = "<group>"; };
		84AAC88C191D2120001C0B94 /* XOProgress.m */ = {isa = PBXFileReference; fileEncoding = 4; lastKnownFileType = sourcecode.c.objc; path = XOProgress.m; sourceTree = "<group>"; };
		84AAC88E19220AD4001C0B94 /* AboutViewController.h */ = {isa = PBXFileReference; fileEncoding = 4; lastKnownFileType = sourcecode.c.h; name = AboutViewController.h; path = AboutViewController/AboutViewController.h; sourceTree = "<group>"; };
		84AAC88F19220AD4001C0B94 /* AboutViewController.m */ = {isa = PBXFileReference; fileEncoding = 4; lastKnownFileType = sourcecode.c.objc; name = AboutViewController.m; path = AboutViewController/AboutViewController.m; sourceTree = "<group>"; };
		84AD02D21925E9DB0036B05F /* libsqlite3.0.dylib */ = {isa = PBXFileReference; lastKnownFileType = "compiled.mach-o.dylib"; name = libsqlite3.0.dylib; path = usr/lib/libsqlite3.0.dylib; sourceTree = SDKROOT; };
		84AD034C1925EBFE0036B05F /* libGoogleAdMobAds.a */ = {isa = PBXFileReference; lastKnownFileType = archive.ar; name = libGoogleAdMobAds.a; path = XO/Manager/GoogleAdMob/libGoogleAdMobAds.a; sourceTree = "<group>"; };
		84AD034E1925ECD00036B05F /* libz.dylib */ = {isa = PBXFileReference; lastKnownFileType = "compiled.mach-o.dylib"; name = libz.dylib; path = usr/lib/libz.dylib; sourceTree = SDKROOT; };
		84AD03501925ED4D0036B05F /* CoreData.framework */ = {isa = PBXFileReference; lastKnownFileType = wrapper.framework; name = CoreData.framework; path = System/Library/Frameworks/CoreData.framework; sourceTree = SDKROOT; };
		84AD03521925EFFD0036B05F /* CFNetwork.framework */ = {isa = PBXFileReference; lastKnownFileType = wrapper.framework; name = CFNetwork.framework; path = System/Library/Frameworks/CFNetwork.framework; sourceTree = SDKROOT; };
		84AD03541925F0260036B05F /* QuartzCore.framework */ = {isa = PBXFileReference; lastKnownFileType = wrapper.framework; name = QuartzCore.framework; path = System/Library/Frameworks/QuartzCore.framework; sourceTree = SDKROOT; };
		84AD03561925F12A0036B05F /* libGoogleAnalyticsServices.a */ = {isa = PBXFileReference; lastKnownFileType = archive.ar; name = libGoogleAnalyticsServices.a; path = "Pods/GoogleAnalytics-iOS-SDK/libGoogleAnalyticsServices.a"; sourceTree = "<group>"; };
		84D61AFA1923CEF000CC9A46 /* en */ = {isa = PBXFileReference; lastKnownFileType = text.plist.strings; name = en; path = en.lproj/Localizable.strings; sourceTree = "<group>"; };
		84D667701917882A000DA569 /* AVFoundation.framework */ = {isa = PBXFileReference; lastKnownFileType = wrapper.framework; name = AVFoundation.framework; path = System/Library/Frameworks/AVFoundation.framework; sourceTree = SDKROOT; };
		84D6677219178838000DA569 /* AudioToolbox.framework */ = {isa = PBXFileReference; lastKnownFileType = wrapper.framework; name = AudioToolbox.framework; path = System/Library/Frameworks/AudioToolbox.framework; sourceTree = SDKROOT; };
		DE32FFD0F7604EB6BEFAF60C /* libPods.a */ = {isa = PBXFileReference; explicitFileType = archive.ar; includeInIndex = 0; path = libPods.a; sourceTree = BUILT_PRODUCTS_DIR; };
/* End PBXFileReference section */

/* Begin PBXFrameworksBuildPhase section */
		8481FC3D1915273E00D9F0EB /* Frameworks */ = {
			isa = PBXFrameworksBuildPhase;
			buildActionMask = 2147483647;
			files = (
				84C551CB19265A3300045D75 /* QuartzCore.framework in Frameworks */,
				84AD03511925ED4D0036B05F /* CoreData.framework in Frameworks */,
				84AD034F1925ECD00036B05F /* libz.dylib in Frameworks */,
				84AD02D31925E9DB0036B05F /* libsqlite3.0.dylib in Frameworks */,
				84AD03571925F12A0036B05F /* libGoogleAnalyticsServices.a in Frameworks */,
				84AD034B1925EBC30036B05F /* libGoogleAdMobAds.a in Frameworks */,
				7F8495A51924AAE90022BC08 /* AdSupport.framework in Frameworks */,
				7F8495A61924AAE90022BC08 /* CoreTelephony.framework in Frameworks */,
				7F8495A71924AAE90022BC08 /* MessageUI.framework in Frameworks */,
				7FE81FB51929FF8400FFAD2F /* libSADView.a in Frameworks */,
				7F8495A81924AAE90022BC08 /* StoreKit.framework in Frameworks */,
				7F8495A91924AAE90022BC08 /* SystemConfiguration.framework in Frameworks */,
				84D6677319178838000DA569 /* AudioToolbox.framework in Frameworks */,
				84D667711917882A000DA569 /* AVFoundation.framework in Frameworks */,
				8481FC461915273E00D9F0EB /* CoreGraphics.framework in Frameworks */,
				8481FC481915273E00D9F0EB /* UIKit.framework in Frameworks */,
				8481FC441915273E00D9F0EB /* Foundation.framework in Frameworks */,
				ECA7567A6C5147DCB14F53DC /* libPods.a in Frameworks */,
			);
			runOnlyForDeploymentPostprocessing = 0;
		};
		8481FC611915273E00D9F0EB /* Frameworks */ = {
			isa = PBXFrameworksBuildPhase;
			buildActionMask = 2147483647;
			files = (
				8481FC661915273E00D9F0EB /* XCTest.framework in Frameworks */,
				8481FC681915273E00D9F0EB /* UIKit.framework in Frameworks */,
				8481FC671915273E00D9F0EB /* Foundation.framework in Frameworks */,
			);
			runOnlyForDeploymentPostprocessing = 0;
		};
/* End PBXFrameworksBuildPhase section */

/* Begin PBXGroup section */
		7F232CE61920ED3F004B208E /* AlertViewController */ = {
			isa = PBXGroup;
			children = (
				7F232CE31920ED35004B208E /* XOAlert.h */,
				7F232CE41920ED35004B208E /* XOAlert.m */,
				7F232CE71920ED66004B208E /* AlertView.storyboard */,
				7FF346BB19236A5800E4AEE1 /* XOAlertView.h */,
				7FF346BC19236A5800E4AEE1 /* XOAlertView.m */,
			);
			name = AlertViewController;
			sourceTree = "<group>";
		};
		7F8495971924A1C80022BC08 /* ADV Container */ = {
			isa = PBXGroup;
			children = (
				7FF347ED1923C39300E4AEE1 /* ADVContainer.h */,
				7FF347EE1923C39300E4AEE1 /* ADVContainer.m */,
			);
			name = "ADV Container";
			sourceTree = "<group>";
		};
		7F8495AA1924ABFF0022BC08 /* ADV Manager */ = {
			isa = PBXGroup;
			children = (
				7F8495D01924AD720022BC08 /* ADVManager.h */,
				7F8495D11924AD720022BC08 /* ADVManager.m */,
				7F8495BD1924AD000022BC08 /* GoogleAd */,
			);
			name = "ADV Manager";
			sourceTree = "<group>";
		};
		7F8495BD1924AD000022BC08 /* GoogleAd */ = {
			isa = PBXGroup;
			children = (
				7F8495BE1924AD670022BC08 /* DFPBannerView.h */,
				7F8495BF1924AD670022BC08 /* DFPExtras.h */,
				7F8495C01924AD670022BC08 /* DFPInterstitial.h */,
				7F8495C11924AD670022BC08 /* DFPSwipeableBannerView.h */,
				7F8495C21924AD670022BC08 /* GADAdMobExtras.h */,
				7F8495C31924AD670022BC08 /* GADAdNetworkExtras.h */,
				7F8495C41924AD670022BC08 /* GADAdSize.h */,
				7F8495C51924AD670022BC08 /* GADAdSizeDelegate.h */,
				7F8495C61924AD670022BC08 /* GADAppEventDelegate.h */,
				7F8495C71924AD670022BC08 /* GADBannerView.h */,
				7F8495C81924AD670022BC08 /* GADBannerViewDelegate.h */,
				7F8495C91924AD670022BC08 /* GADInterstitial.h */,
				7F8495CA1924AD670022BC08 /* GADInterstitialDelegate.h */,
				7F8495CB1924AD670022BC08 /* GADRequest.h */,
				7F8495CC1924AD670022BC08 /* GADRequestError.h */,
				7F8495CD1924AD670022BC08 /* GADSwipeableBannerViewDelegate.h */,
				7F8495CE1924AD670022BC08 /* libGoogleAdMobAds.a */,
			);
			name = GoogleAd;
			sourceTree = "<group>";
		};
		7F8495D61924C39D0022BC08 /* Navigation Controller */ = {
			isa = PBXGroup;
			children = (
				7F8495D31924C3970022BC08 /* XONavigationController.h */,
				7F8495D41924C3970022BC08 /* XONavigationController.m */,
			);
			name = "Navigation Controller";
			sourceTree = "<group>";
		};
		7F912D77191F633700675027 /* AI */ = {
			isa = PBXGroup;
			children = (
				7F912D74191F632F00675027 /* XOAI.h */,
				7F912D75191F632F00675027 /* XOAI.m */,
			);
			name = AI;
			sourceTree = "<group>";
		};
		7FE81FB61929FF8A00FFAD2F /* libs */ = {
			isa = PBXGroup;
			children = (
				7FE81FB31929FF8400FFAD2F /* libSADView.a */,
				7FE81FB41929FF8400FFAD2F /* SADWebView.h */,
			);
			name = libs;
			sourceTree = "<group>";
		};
		7FF346B2192266CE00E4AEE1 /* Animations */ = {
			isa = PBXGroup;
			children = (
				7FF346B81923503500E4AEE1 /* MGCicleProgress.h */,
				7FF346B91923503500E4AEE1 /* MGCicleProgress.m */,
				7FF346AF192266C800E4AEE1 /* XOStartSequeAnimation.h */,
				7FF346B0192266C800E4AEE1 /* XOStartSequeAnimation.m */,
			);
			name = Animations;
			sourceTree = "<group>";
		};
		84742D7919197C54007B868E /* Other Classes */ = {
			isa = PBXGroup;
			children = (
				84AAC88A191D210C001C0B94 /* Progress Structure */,
				84742D7A19197C54007B868E /* Matrix */,
				7F912D77191F633700675027 /* AI */,
				7FF346B2192266CE00E4AEE1 /* Animations */,
				7F8495971924A1C80022BC08 /* ADV Container */,
			);
			path = "Other Classes";
			sourceTree = "<group>";
		};
		84742D7A19197C54007B868E /* Matrix */ = {
			isa = PBXGroup;
			children = (
				7FF96EA4191BF9A200EDB431 /* XOObjectiveMatrix.h */,
				7FF96EA5191BF9A200EDB431 /* XOObjectiveMatrix.m */,
			);
			path = Matrix;
			sourceTree = "<group>";
		};
		84742D7E19197C88007B868E /* Model */ = {
			isa = PBXGroup;
			children = (
				84742D7F19197CF3007B868E /* XOGameModel.h */,
				84742D8019197CF3007B868E /* XOGameModel.m */,
			);
			path = Model;
			sourceTree = "<group>";
		};
		8481FC371915273E00D9F0EB = {
			isa = PBXGroup;
			children = (
				8481FC491915273E00D9F0EB /* XO */,
				8481FC6B1915273E00D9F0EB /* XOTests */,
				8481FC421915273E00D9F0EB /* Frameworks */,
				8481FC411915273E00D9F0EB /* Products */,
				13E03152E7E4493380648031 /* Pods.xcconfig */,
			);
			sourceTree = "<group>";
		};
		8481FC411915273E00D9F0EB /* Products */ = {
			isa = PBXGroup;
			children = (
				8481FC401915273E00D9F0EB /* XO.app */,
				8481FC641915273E00D9F0EB /* XOTests.xctest */,
			);
			name = Products;
			sourceTree = "<group>";
		};
		8481FC421915273E00D9F0EB /* Frameworks */ = {
			isa = PBXGroup;
			children = (
				7FE81FB61929FF8A00FFAD2F /* libs */,
				84AD03561925F12A0036B05F /* libGoogleAnalyticsServices.a */,
				84AD03541925F0260036B05F /* QuartzCore.framework */,
				84AD03521925EFFD0036B05F /* CFNetwork.framework */,
				84AD03501925ED4D0036B05F /* CoreData.framework */,
				84AD034E1925ECD00036B05F /* libz.dylib */,
				84AD034C1925EBFE0036B05F /* libGoogleAdMobAds.a */,
				84AD02D21925E9DB0036B05F /* libsqlite3.0.dylib */,
				7F8495A01924AAE90022BC08 /* AdSupport.framework */,
				7F8495A11924AAE90022BC08 /* CoreTelephony.framework */,
				7F8495A21924AAE90022BC08 /* MessageUI.framework */,
				7F8495A31924AAE90022BC08 /* StoreKit.framework */,
				7F8495A41924AAE90022BC08 /* SystemConfiguration.framework */,
				84D6677219178838000DA569 /* AudioToolbox.framework */,
				84D667701917882A000DA569 /* AVFoundation.framework */,
				8481FC431915273E00D9F0EB /* Foundation.framework */,
				8481FC451915273E00D9F0EB /* CoreGraphics.framework */,
				8481FC471915273E00D9F0EB /* UIKit.framework */,
				8481FC651915273E00D9F0EB /* XCTest.framework */,
				DE32FFD0F7604EB6BEFAF60C /* libPods.a */,
			);
			name = Frameworks;
			sourceTree = "<group>";
		};
		8481FC491915273E00D9F0EB /* XO */ = {
			isa = PBXGroup;
			children = (
				84D6677619178B49000DA569 /* Resources */,
				84742D7E19197C88007B868E /* Model */,
				8481FC7D19152A2D00D9F0EB /* Managers */,
				84742D7919197C54007B868E /* Other Classes */,
				8481FC8019152A2D00D9F0EB /* View Controllers */,
				8481FC521915273E00D9F0EB /* XOAppDelegate.h */,
				8481FC531915273E00D9F0EB /* XOAppDelegate.m */,
				7FF3469F19225B2C00E4AEE1 /* iPhone.storyboard */,
				8481FC581915273E00D9F0EB /* Main_iPad.storyboard */,
				8481FC4A1915273E00D9F0EB /* Supporting Files */,
				8481FCA5191664D000D9F0EB /* Constants.h */,
			);
			path = XO;
			sourceTree = "<group>";
		};
		8481FC4A1915273E00D9F0EB /* Supporting Files */ = {
			isa = PBXGroup;
			children = (
				8481FC4B1915273E00D9F0EB /* XO-Info.plist */,
				8481FC4C1915273E00D9F0EB /* InfoPlist.strings */,
				8481FC4F1915273E00D9F0EB /* main.m */,
				8481FC511915273E00D9F0EB /* XO-Prefix.pch */,
			);
			name = "Supporting Files";
			sourceTree = "<group>";
		};
		8481FC6B1915273E00D9F0EB /* XOTests */ = {
			isa = PBXGroup;
			children = (
				8481FC711915273E00D9F0EB /* XOTests.m */,
				8481FC6C1915273E00D9F0EB /* Supporting Files */,
			);
			path = XOTests;
			sourceTree = "<group>";
		};
		8481FC6C1915273E00D9F0EB /* Supporting Files */ = {
			isa = PBXGroup;
			children = (
				8481FC6D1915273E00D9F0EB /* XOTests-Info.plist */,
				8481FC6E1915273E00D9F0EB /* InfoPlist.strings */,
			);
			name = "Supporting Files";
			sourceTree = "<group>";
		};
		8481FC7D19152A2D00D9F0EB /* Managers */ = {
			isa = PBXGroup;
			children = (
				8481FC7E19152A2D00D9F0EB /* MPManager.h */,
				8481FC7F19152A2D00D9F0EB /* MPManager.m */,
				8481FC9F191661A000D9F0EB /* GameManager.h */,
				8481FCA0191661A000D9F0EB /* GameManager.m */,
				84AAC887191AAB0E001C0B94 /* SoundManager.h */,
				84AAC888191AAB0E001C0B94 /* SoundManager.m */,
				7F8495AA1924ABFF0022BC08 /* ADV Manager */,
			);
			name = Managers;
			path = Manager;
			sourceTree = "<group>";
		};
		8481FC8019152A2D00D9F0EB /* View Controllers */ = {
			isa = PBXGroup;
			children = (
				8481FC8119152A2D00D9F0EB /* GameViewController */,
				8481FC8219152A2D00D9F0EB /* OnlineLobbyViewController */,
				8481FC8519152A2D00D9F0EB /* SettingsViewController */,
				8481FC8819152A2D00D9F0EB /* StartViewController */,
				8481FC8B19152A2D00D9F0EB /* GameField */,
				7F232CE61920ED3F004B208E /* AlertViewController */,
				84AAC89219220B07001C0B94 /* AboutViewController */,
				7F8495D61924C39D0022BC08 /* Navigation Controller */,
			);
			path = "View Controllers";
			sourceTree = "<group>";
		};
		8481FC8119152A2D00D9F0EB /* GameViewController */ = {
			isa = PBXGroup;
			children = (
				7FEAECD81917ADF80065CC57 /* XOGameViewController.h */,
				7FEAECD91917ADF80065CC57 /* XOGameViewController.m */,
			);
			path = GameViewController;
			sourceTree = "<group>";
		};
		8481FC8219152A2D00D9F0EB /* OnlineLobbyViewController */ = {
			isa = PBXGroup;
			children = (
				8481FC8319152A2D00D9F0EB /* XOOnlineLobbyViewController.h */,
				8481FC8419152A2D00D9F0EB /* XOOnlineLobbyViewController.m */,
			);
			path = OnlineLobbyViewController;
			sourceTree = "<group>";
		};
		8481FC8519152A2D00D9F0EB /* SettingsViewController */ = {
			isa = PBXGroup;
			children = (
				8481FC8619152A2D00D9F0EB /* XOSettingsViewController.h */,
				8481FC8719152A2D00D9F0EB /* XOSettingsViewController.m */,
			);
			path = SettingsViewController;
			sourceTree = "<group>";
		};
		8481FC8819152A2D00D9F0EB /* StartViewController */ = {
			isa = PBXGroup;
			children = (
				8481FC8919152A2D00D9F0EB /* XOStartViewController.h */,
				8481FC8A19152A2D00D9F0EB /* XOStartViewController.m */,
			);
			path = StartViewController;
			sourceTree = "<group>";
		};
		8481FC8B19152A2D00D9F0EB /* GameField */ = {
			isa = PBXGroup;
			children = (
				8481FC8F19152A2D00D9F0EB /* XOGameFieldViewController.h */,
				8481FC9019152A2D00D9F0EB /* XOGameFieldViewController.m */,
				8481FC8C19152A2D00D9F0EB /* GameField.storyboard */,
				7FEAECD5191783FB0065CC57 /* XOCollectionViewCell.h */,
				7FEAECD6191783FB0065CC57 /* XOCollectionViewCell.m */,
				7FEAECD2191772A70065CC57 /* XOGameFieldFlowLayout.h */,
				7FEAECD3191772A70065CC57 /* XOGameFieldFlowLayout.m */,
			);
			name = GameField;
			path = TTGameField;
			sourceTree = "<group>";
		};
		84AAC88A191D210C001C0B94 /* Progress Structure */ = {
			isa = PBXGroup;
			children = (
				84AAC88B191D2120001C0B94 /* XOProgress.h */,
				84AAC88C191D2120001C0B94 /* XOProgress.m */,
			);
			path = "Progress Structure";
			sourceTree = "<group>";
		};
		84AAC89219220B07001C0B94 /* AboutViewController */ = {
			isa = PBXGroup;
			children = (
				84AAC88E19220AD4001C0B94 /* AboutViewController.h */,
				84AAC88F19220AD4001C0B94 /* AboutViewController.m */,
			);
			name = AboutViewController;
			sourceTree = "<group>";
		};
		84D6677619178B49000DA569 /* Resources */ = {
			isa = PBXGroup;
			children = (
				84AAC87D191AAA92001C0B94 /* sound_click.mp3 */,
				84AAC87E191AAA92001C0B94 /* sound_goes_o.mp3 */,
				84AAC87F191AAA92001C0B94 /* sound_goes_x.mp3 */,
				7FF96EA2191A4B5C00EDB431 /* music.mp3 */,
				7FF346C4192383EB00E4AEE1 /* sound_win.mp3 */,
				7FF346C919239AFF00E4AEE1 /* sound_lose.mp3 */,
				7FEAED2C1917D84E0065CC57 /* Images.xcassets */,
				7FF34696192253B500E4AEE1 /* Localizable.strings */,
			);
			path = Resources;
			sourceTree = SOURCE_ROOT;
		};
/* End PBXGroup section */

/* Begin PBXNativeTarget section */
		8481FC3F1915273E00D9F0EB /* XO */ = {
			isa = PBXNativeTarget;
			buildConfigurationList = 8481FC751915273E00D9F0EB /* Build configuration list for PBXNativeTarget "XO" */;
			buildPhases = (
				75D2CF821F604D7DA13A6909 /* Check Pods Manifest.lock */,
				8481FC3C1915273E00D9F0EB /* Sources */,
				8481FC3D1915273E00D9F0EB /* Frameworks */,
				8481FC3E1915273E00D9F0EB /* Resources */,
				907D1F8A2DF94A1097AF5EF4 /* Copy Pods Resources */,
			);
			buildRules = (
			);
			dependencies = (
			);
			name = XO;
			productName = XO;
			productReference = 8481FC401915273E00D9F0EB /* XO.app */;
			productType = "com.apple.product-type.application";
		};
		8481FC631915273E00D9F0EB /* XOTests */ = {
			isa = PBXNativeTarget;
			buildConfigurationList = 8481FC781915273E00D9F0EB /* Build configuration list for PBXNativeTarget "XOTests" */;
			buildPhases = (
				8481FC601915273E00D9F0EB /* Sources */,
				8481FC611915273E00D9F0EB /* Frameworks */,
				8481FC621915273E00D9F0EB /* Resources */,
			);
			buildRules = (
			);
			dependencies = (
				8481FC6A1915273E00D9F0EB /* PBXTargetDependency */,
			);
			name = XOTests;
			productName = XOTests;
			productReference = 8481FC641915273E00D9F0EB /* XOTests.xctest */;
			productType = "com.apple.product-type.bundle.unit-test";
		};
/* End PBXNativeTarget section */

/* Begin PBXProject section */
		8481FC381915273E00D9F0EB /* Project object */ = {
			isa = PBXProject;
			attributes = {
				CLASSPREFIX = XO;
				LastUpgradeCheck = 0510;
				ORGANIZATIONNAME = mobilez365;
				TargetAttributes = {
					8481FC631915273E00D9F0EB = {
						TestTargetID = 8481FC3F1915273E00D9F0EB;
					};
				};
			};
			buildConfigurationList = 8481FC3B1915273E00D9F0EB /* Build configuration list for PBXProject "XO" */;
			compatibilityVersion = "Xcode 3.2";
			developmentRegion = English;
			hasScannedForEncodings = 0;
			knownRegions = (
				en,
				Base,
				uk,
				ru,
				fr,
				de,
				es,
			);
			mainGroup = 8481FC371915273E00D9F0EB;
			productRefGroup = 8481FC411915273E00D9F0EB /* Products */;
			projectDirPath = "";
			projectRoot = "";
			targets = (
				8481FC3F1915273E00D9F0EB /* XO */,
				8481FC631915273E00D9F0EB /* XOTests */,
			);
		};
/* End PBXProject section */

/* Begin PBXResourcesBuildPhase section */
		8481FC3E1915273E00D9F0EB /* Resources */ = {
			isa = PBXResourcesBuildPhase;
			buildActionMask = 2147483647;
			files = (
				84AAC883191AAA92001C0B94 /* sound_goes_o.mp3 in Resources */,
				7FF346C5192383EB00E4AEE1 /* sound_win.mp3 in Resources */,
				8481FC5A1915273E00D9F0EB /* Main_iPad.storyboard in Resources */,
				84AAC884191AAA92001C0B94 /* sound_goes_x.mp3 in Resources */,
				8481FC4E1915273E00D9F0EB /* InfoPlist.strings in Resources */,
				7F232CE81920ED66004B208E /* AlertView.storyboard in Resources */,
				7FF346CA19239AFF00E4AEE1 /* sound_lose.mp3 in Resources */,
				84AAC882191AAA92001C0B94 /* sound_click.mp3 in Resources */,
				7FEAED2D1917D84E0065CC57 /* Images.xcassets in Resources */,
				7FF3469D19225B2C00E4AEE1 /* iPhone.storyboard in Resources */,
				7FF34694192253B500E4AEE1 /* Localizable.strings in Resources */,
				7FF96EA3191A4B5C00EDB431 /* music.mp3 in Resources */,
				8481FC9719152A2D00D9F0EB /* GameField.storyboard in Resources */,
			);
			runOnlyForDeploymentPostprocessing = 0;
		};
		8481FC621915273E00D9F0EB /* Resources */ = {
			isa = PBXResourcesBuildPhase;
			buildActionMask = 2147483647;
			files = (
				8481FC701915273E00D9F0EB /* InfoPlist.strings in Resources */,
			);
			runOnlyForDeploymentPostprocessing = 0;
		};
/* End PBXResourcesBuildPhase section */

/* Begin PBXShellScriptBuildPhase section */
		75D2CF821F604D7DA13A6909 /* Check Pods Manifest.lock */ = {
			isa = PBXShellScriptBuildPhase;
			buildActionMask = 2147483647;
			files = (
			);
			inputPaths = (
			);
			name = "Check Pods Manifest.lock";
			outputPaths = (
			);
			runOnlyForDeploymentPostprocessing = 0;
			shellPath = /bin/sh;
			shellScript = "diff \"${PODS_ROOT}/../Podfile.lock\" \"${PODS_ROOT}/Manifest.lock\" > /dev/null\nif [[ $? != 0 ]] ; then\n    cat << EOM\nerror: The sandbox is not in sync with the Podfile.lock. Run 'pod install' or update your CocoaPods installation.\nEOM\n    exit 1\nfi\n";
			showEnvVarsInLog = 0;
		};
		907D1F8A2DF94A1097AF5EF4 /* Copy Pods Resources */ = {
			isa = PBXShellScriptBuildPhase;
			buildActionMask = 2147483647;
			files = (
			);
			inputPaths = (
			);
			name = "Copy Pods Resources";
			outputPaths = (
			);
			runOnlyForDeploymentPostprocessing = 0;
			shellPath = /bin/sh;
			shellScript = "\"${SRCROOT}/Pods/Pods-resources.sh\"\n";
			showEnvVarsInLog = 0;
		};
/* End PBXShellScriptBuildPhase section */

/* Begin PBXSourcesBuildPhase section */
		8481FC3C1915273E00D9F0EB /* Sources */ = {
			isa = PBXSourcesBuildPhase;
			buildActionMask = 2147483647;
			files = (
				8481FCA1191661A000D9F0EB /* GameManager.m in Sources */,
				7FEAECD4191772A70065CC57 /* XOGameFieldFlowLayout.m in Sources */,
				7FF346BD19236A5800E4AEE1 /* XOAlertView.m in Sources */,
				84AAC88D191D2120001C0B94 /* XOProgress.m in Sources */,
				84AAC889191AAB0E001C0B94 /* SoundManager.m in Sources */,
				7FF96EA6191BF9A200EDB431 /* XOObjectiveMatrix.m in Sources */,
				8481FC9419152A2D00D9F0EB /* XOOnlineLobbyViewController.m in Sources */,
				7F232CE51920ED35004B208E /* XOAlert.m in Sources */,
				7F8495D51924C3970022BC08 /* XONavigationController.m in Sources */,
				8481FC501915273E00D9F0EB /* main.m in Sources */,
				8481FC9519152A2D00D9F0EB /* XOSettingsViewController.m in Sources */,
				7FF346B1192266C800E4AEE1 /* XOStartSequeAnimation.m in Sources */,
				8481FC9919152A2D00D9F0EB /* XOGameFieldViewController.m in Sources */,
				8481FC9619152A2D00D9F0EB /* XOStartViewController.m in Sources */,
				8481FC9319152A2D00D9F0EB /* MPManager.m in Sources */,
				7FF346BA1923503500E4AEE1 /* MGCicleProgress.m in Sources */,
				84AAC89019220AD4001C0B94 /* AboutViewController.m in Sources */,
				7F912D76191F632F00675027 /* XOAI.m in Sources */,
				7FEAECD7191783FB0065CC57 /* XOCollectionViewCell.m in Sources */,
				8481FC541915273E00D9F0EB /* XOAppDelegate.m in Sources */,
				7FEAECDA1917ADF80065CC57 /* XOGameViewController.m in Sources */,
				7F8495D21924AD720022BC08 /* ADVManager.m in Sources */,
				84742D8119197CF3007B868E /* XOGameModel.m in Sources */,
				7FF347EF1923C39300E4AEE1 /* ADVContainer.m in Sources */,
			);
			runOnlyForDeploymentPostprocessing = 0;
		};
		8481FC601915273E00D9F0EB /* Sources */ = {
			isa = PBXSourcesBuildPhase;
			buildActionMask = 2147483647;
			files = (
				8481FC721915273E00D9F0EB /* XOTests.m in Sources */,
			);
			runOnlyForDeploymentPostprocessing = 0;
		};
/* End PBXSourcesBuildPhase section */

/* Begin PBXTargetDependency section */
		8481FC6A1915273E00D9F0EB /* PBXTargetDependency */ = {
			isa = PBXTargetDependency;
			target = 8481FC3F1915273E00D9F0EB /* XO */;
			targetProxy = 8481FC691915273E00D9F0EB /* PBXContainerItemProxy */;
		};
/* End PBXTargetDependency section */

/* Begin PBXVariantGroup section */
		7FF34696192253B500E4AEE1 /* Localizable.strings */ = {
			isa = PBXVariantGroup;
			children = (
				7FF34695192253B500E4AEE1 /* Base */,
				7FF346A419225B7100E4AEE1 /* uk */,
				7FF346C219237FAA00E4AEE1 /* ru */,
				84D61AFA1923CEF000CC9A46 /* en */,
				84A1A394192618E500184D18 /* fr */,
				84A1A399192618EB00184D18 /* de */,
				84A1A39E192618F000184D18 /* es */,
			);
			name = Localizable.strings;
			sourceTree = "<group>";
		};
		7FF3469F19225B2C00E4AEE1 /* iPhone.storyboard */ = {
			isa = PBXVariantGroup;
			children = (
				7FF3469E19225B2C00E4AEE1 /* Base */,
				8454BD27192A05B4008906E0 /* uk */,
				8454BD28192A05B6008906E0 /* ru */,
				8454BD2B192A05BE008906E0 /* en */,
				8454BD2C192A05C0008906E0 /* fr */,
				8454BD2D192A05C1008906E0 /* de */,
				8454BD2E192A05C3008906E0 /* es */,
			);
			name = iPhone.storyboard;
			sourceTree = "<group>";
		};
		8481FC4C1915273E00D9F0EB /* InfoPlist.strings */ = {
			isa = PBXVariantGroup;
			children = (
				8481FC4D1915273E00D9F0EB /* en */,
				84A1A395192618E500184D18 /* fr */,
				84A1A39A192618EB00184D18 /* de */,
				84A1A39F192618F000184D18 /* es */,
			);
			name = InfoPlist.strings;
			sourceTree = "<group>";
		};
		8481FC581915273E00D9F0EB /* Main_iPad.storyboard */ = {
			isa = PBXVariantGroup;
			children = (
				8481FC591915273E00D9F0EB /* Base */,
				84A1A393192618E500184D18 /* fr */,
				84A1A398192618EB00184D18 /* de */,
				84A1A39D192618F000184D18 /* es */,
			);
			name = Main_iPad.storyboard;
			sourceTree = "<group>";
		};
		8481FC6E1915273E00D9F0EB /* InfoPlist.strings */ = {
			isa = PBXVariantGroup;
			children = (
				8481FC6F1915273E00D9F0EB /* en */,
				84A1A396192618E600184D18 /* fr */,
				84A1A39B192618EB00184D18 /* de */,
				84A1A3A0192618F000184D18 /* es */,
			);
			name = InfoPlist.strings;
			sourceTree = "<group>";
		};
/* End PBXVariantGroup section */

/* Begin XCBuildConfiguration section */
		8481FC731915273E00D9F0EB /* Debug */ = {
			isa = XCBuildConfiguration;
			buildSettings = {
				ALWAYS_SEARCH_USER_PATHS = NO;
				ARCHS = (
					armv7s,
					armv7,
				);
				CLANG_CXX_LANGUAGE_STANDARD = "gnu++0x";
				CLANG_CXX_LIBRARY = "libc++";
				CLANG_ENABLE_MODULES = YES;
				CLANG_ENABLE_OBJC_ARC = YES;
				CLANG_WARN_BOOL_CONVERSION = YES;
				CLANG_WARN_CONSTANT_CONVERSION = YES;
				CLANG_WARN_DIRECT_OBJC_ISA_USAGE = YES_ERROR;
				CLANG_WARN_EMPTY_BODY = YES;
				CLANG_WARN_ENUM_CONVERSION = YES;
				CLANG_WARN_INT_CONVERSION = YES;
				CLANG_WARN_OBJC_ROOT_CLASS = YES_ERROR;
				CLANG_WARN__DUPLICATE_METHOD_MATCH = YES;
				CODE_SIGN_IDENTITY = "iPhone Developer: Alexander Sokhanych (U5HL738569)";
				"CODE_SIGN_IDENTITY[sdk=iphoneos*]" = "iPhone Developer";
				COPY_PHASE_STRIP = NO;
				GCC_C_LANGUAGE_STANDARD = gnu99;
				GCC_DYNAMIC_NO_PIC = NO;
				GCC_OPTIMIZATION_LEVEL = 0;
				GCC_PREPROCESSOR_DEFINITIONS = (
					"DEBUG=1",
					"$(inherited)",
				);
				GCC_SYMBOLS_PRIVATE_EXTERN = NO;
				GCC_WARN_64_TO_32_BIT_CONVERSION = YES;
				GCC_WARN_ABOUT_RETURN_TYPE = YES_ERROR;
				GCC_WARN_UNDECLARED_SELECTOR = YES;
				GCC_WARN_UNINITIALIZED_AUTOS = YES_AGGRESSIVE;
				GCC_WARN_UNUSED_FUNCTION = YES;
				GCC_WARN_UNUSED_VARIABLE = YES;
				IPHONEOS_DEPLOYMENT_TARGET = 7.1;
				ONLY_ACTIVE_ARCH = YES;
				PROVISIONING_PROFILE = "82B0C230-C08B-4A2F-BC17-0F8342AE3CA2";
				SDKROOT = iphoneos;
				TARGETED_DEVICE_FAMILY = "1,2";
				VALID_ARCHS = "armv7 armv7s";
			};
			name = Debug;
		};
		8481FC741915273E00D9F0EB /* Release */ = {
			isa = XCBuildConfiguration;
			buildSettings = {
				ALWAYS_SEARCH_USER_PATHS = NO;
				ARCHS = (
					armv7s,
					armv7,
				);
				CLANG_CXX_LANGUAGE_STANDARD = "gnu++0x";
				CLANG_CXX_LIBRARY = "libc++";
				CLANG_ENABLE_MODULES = YES;
				CLANG_ENABLE_OBJC_ARC = YES;
				CLANG_WARN_BOOL_CONVERSION = YES;
				CLANG_WARN_CONSTANT_CONVERSION = YES;
				CLANG_WARN_DIRECT_OBJC_ISA_USAGE = YES_ERROR;
				CLANG_WARN_EMPTY_BODY = YES;
				CLANG_WARN_ENUM_CONVERSION = YES;
				CLANG_WARN_INT_CONVERSION = YES;
				CLANG_WARN_OBJC_ROOT_CLASS = YES_ERROR;
				CLANG_WARN__DUPLICATE_METHOD_MATCH = YES;
				CODE_SIGN_IDENTITY = "iPhone Developer: Alexander Sokhanych (U5HL738569)";
				"CODE_SIGN_IDENTITY[sdk=iphoneos*]" = "iPhone Developer";
				COPY_PHASE_STRIP = YES;
				ENABLE_NS_ASSERTIONS = NO;
				GCC_C_LANGUAGE_STANDARD = gnu99;
				GCC_WARN_64_TO_32_BIT_CONVERSION = YES;
				GCC_WARN_ABOUT_RETURN_TYPE = YES_ERROR;
				GCC_WARN_UNDECLARED_SELECTOR = YES;
				GCC_WARN_UNINITIALIZED_AUTOS = YES_AGGRESSIVE;
				GCC_WARN_UNUSED_FUNCTION = YES;
				GCC_WARN_UNUSED_VARIABLE = YES;
				IPHONEOS_DEPLOYMENT_TARGET = 7.1;
				PROVISIONING_PROFILE = "82B0C230-C08B-4A2F-BC17-0F8342AE3CA2";
				SDKROOT = iphoneos;
				TARGETED_DEVICE_FAMILY = "1,2";
				VALIDATE_PRODUCT = YES;
				VALID_ARCHS = "armv7 armv7s";
			};
			name = Release;
		};
		8481FC761915273E00D9F0EB /* Debug */ = {
			isa = XCBuildConfiguration;
			baseConfigurationReference = 13E03152E7E4493380648031 /* Pods.xcconfig */;
			buildSettings = {
				ARCHS = (
					armv7s,
					armv7,
				);
				ASSETCATALOG_COMPILER_APPICON_NAME = AppIcon;
				ASSETCATALOG_COMPILER_LAUNCHIMAGE_NAME = LaunchImage;
				GCC_PRECOMPILE_PREFIX_HEADER = YES;
				GCC_PREFIX_HEADER = "XO/XO-Prefix.pch";
				INFOPLIST_FILE = "XO/XO-Info.plist";
				IPHONEOS_DEPLOYMENT_TARGET = 6.0;
				LIBRARY_SEARCH_PATHS = (
					"$(inherited)",
					"$(PROJECT_DIR)/XO/Manager/GoogleAdMob",
					"$(USER_LIBRARY_DIR)/Developer/Xcode/DerivedData/XO-fvibmdejxgmiylblcejhnlykkcng/Build/Products/Debug-iphoneos",
					"$(PROJECT_DIR)/Pods/GoogleAnalytics-iOS-SDK",
					"/Users/Admin/Downloads/SDK-iOS-master/libs",
					"$(PROGECT_DIR)/XO",
					"$(PROJECT_DIR)",
					"$(PROJECT_DIR)/libs",
				);
				OTHER_LDFLAGS = (
					"-ObjC",
					"-lc++",
					"-framework",
					AddressBook,
					"-framework",
					AssetsLibrary,
					"-framework",
					CoreData,
					"-framework",
					CoreGraphics,
					"-framework",
					CoreLocation,
					"-framework",
					CoreMotion,
					"-framework",
					CoreText,
					"-framework",
					Foundation,
					"-framework",
					GoogleOpenSource,
					"-framework",
					GooglePlayGames,
					"-framework",
					GooglePlus,
					"-framework",
					MediaPlayer,
					"-framework",
					QuartzCore,
					"-framework",
					Security,
					"-framework",
					SystemConfiguration,
					"-framework",
					UIKit,
					"-framework",
					AudioToolbox,
					"-framework",
					AVFoundation,
					"-l",
					SADView,
				);
				PRECOMPS_INCLUDE_HEADERS_FROM_BUILT_PRODUCTS_DIR = YES;
				PRODUCT_NAME = "$(TARGET_NAME)";
				PROVISIONING_PROFILE = "FB92E9A7-1384-4854-B684-4DDD279CDFB1";
				TARGETED_DEVICE_FAMILY = 1;
				VALID_ARCHS = "armv7 armv7s";
				WRAPPER_EXTENSION = app;
			};
			name = Debug;
		};
		8481FC771915273E00D9F0EB /* Release */ = {
			isa = XCBuildConfiguration;
			baseConfigurationReference = 13E03152E7E4493380648031 /* Pods.xcconfig */;
			buildSettings = {
				ARCHS = (
					armv7s,
					armv7,
				);
				ASSETCATALOG_COMPILER_APPICON_NAME = AppIcon;
				ASSETCATALOG_COMPILER_LAUNCHIMAGE_NAME = LaunchImage;
				GCC_PRECOMPILE_PREFIX_HEADER = YES;
				GCC_PREFIX_HEADER = "XO/XO-Prefix.pch";
				INFOPLIST_FILE = "XO/XO-Info.plist";
				IPHONEOS_DEPLOYMENT_TARGET = 6.0;
				LIBRARY_SEARCH_PATHS = (
					"$(inherited)",
					"$(PROJECT_DIR)/XO/Manager/GoogleAdMob",
					"$(USER_LIBRARY_DIR)/Developer/Xcode/DerivedData/XO-fvibmdejxgmiylblcejhnlykkcng/Build/Products/Debug-iphoneos",
					"$(PROJECT_DIR)/Pods/GoogleAnalytics-iOS-SDK",
					"/Users/Admin/Downloads/SDK-iOS-master/libs",
					"$(PROGECT_DIR)/XO",
					"$(PROJECT_DIR)",
					"$(PROJECT_DIR)/libs",
				);
				OTHER_LDFLAGS = (
					"-ObjC",
					"-lc++",
					"-framework",
					AddressBook,
					"-framework",
					AssetsLibrary,
					"-framework",
					CoreData,
					"-framework",
					CoreGraphics,
					"-framework",
					CoreLocation,
					"-framework",
					CoreMotion,
					"-framework",
					CoreText,
					"-framework",
					Foundation,
					"-framework",
					GoogleOpenSource,
					"-framework",
					GooglePlayGames,
					"-framework",
					GooglePlus,
					"-framework",
					MediaPlayer,
					"-framework",
					QuartzCore,
					"-framework",
					Security,
					"-framework",
					SystemConfiguration,
					"-framework",
					UIKit,
					"-framework",
					AudioToolbox,
					"-framework",
					AVFoundation,
					"-l",
					SADView,
				);
				PRECOMPS_INCLUDE_HEADERS_FROM_BUILT_PRODUCTS_DIR = YES;
				PRODUCT_NAME = "$(TARGET_NAME)";
				PROVISIONING_PROFILE = "FB92E9A7-1384-4854-B684-4DDD279CDFB1";
				TARGETED_DEVICE_FAMILY = 1;
				VALID_ARCHS = "armv7 armv7s";
				WRAPPER_EXTENSION = app;
			};
			name = Release;
		};
		8481FC791915273E00D9F0EB /* Debug */ = {
			isa = XCBuildConfiguration;
			buildSettings = {
				BUNDLE_LOADER = "$(BUILT_PRODUCTS_DIR)/XO.app/XO";
				FRAMEWORK_SEARCH_PATHS = (
					"$(SDKROOT)/Developer/Library/Frameworks",
					"$(inherited)",
					"$(DEVELOPER_FRAMEWORKS_DIR)",
				);
				GCC_PRECOMPILE_PREFIX_HEADER = YES;
				GCC_PREFIX_HEADER = "XO/XO-Prefix.pch";
				GCC_PREPROCESSOR_DEFINITIONS = (
					"DEBUG=1",
					"$(inherited)",
				);
				INFOPLIST_FILE = "XOTests/XOTests-Info.plist";
				PRODUCT_NAME = "$(TARGET_NAME)";
				TEST_HOST = "$(BUNDLE_LOADER)";
				WRAPPER_EXTENSION = xctest;
			};
			name = Debug;
		};
		8481FC7A1915273E00D9F0EB /* Release */ = {
			isa = XCBuildConfiguration;
			buildSettings = {
				BUNDLE_LOADER = "$(BUILT_PRODUCTS_DIR)/XO.app/XO";
				FRAMEWORK_SEARCH_PATHS = (
					"$(SDKROOT)/Developer/Library/Frameworks",
					"$(inherited)",
					"$(DEVELOPER_FRAMEWORKS_DIR)",
				);
				GCC_PRECOMPILE_PREFIX_HEADER = YES;
				GCC_PREFIX_HEADER = "XO/XO-Prefix.pch";
				INFOPLIST_FILE = "XOTests/XOTests-Info.plist";
				PRODUCT_NAME = "$(TARGET_NAME)";
				TEST_HOST = "$(BUNDLE_LOADER)";
				WRAPPER_EXTENSION = xctest;
			};
			name = Release;
		};
/* End XCBuildConfiguration section */

/* Begin XCConfigurationList section */
		8481FC3B1915273E00D9F0EB /* Build configuration list for PBXProject "XO" */ = {
			isa = XCConfigurationList;
			buildConfigurations = (
				8481FC731915273E00D9F0EB /* Debug */,
				8481FC741915273E00D9F0EB /* Release */,
			);
			defaultConfigurationIsVisible = 0;
			defaultConfigurationName = Release;
		};
		8481FC751915273E00D9F0EB /* Build configuration list for PBXNativeTarget "XO" */ = {
			isa = XCConfigurationList;
			buildConfigurations = (
				8481FC761915273E00D9F0EB /* Debug */,
				8481FC771915273E00D9F0EB /* Release */,
			);
			defaultConfigurationIsVisible = 0;
			defaultConfigurationName = Release;
		};
		8481FC781915273E00D9F0EB /* Build configuration list for PBXNativeTarget "XOTests" */ = {
			isa = XCConfigurationList;
			buildConfigurations = (
				8481FC791915273E00D9F0EB /* Debug */,
				8481FC7A1915273E00D9F0EB /* Release */,
			);
			defaultConfigurationIsVisible = 0;
			defaultConfigurationName = Release;
		};
/* End XCConfigurationList section */
	};
	rootObject = 8481FC381915273E00D9F0EB /* Project object */;
}
